Microsoft Visual Studio Solution File, Format Version 12.00
# Visual Studio 14
VisualStudioVersion = 14.0.25420.1
MinimumVisualStudioVersion = 10.0.40219.1
Project("{8BC9CEB8-8B4A-11D0-8D11-00A0C91BC942}") = "Samples.Buttons", "Samples.Buttons.vcxproj", "{C050D174-F7E0-3CD3-8C61-48BA443C9FE4}"
EndProject
Project("{39E2626F-3545-4960-A6E8-258AD8476CE5}") = "Samples.Buttons.apk", "Samples.Buttons.apk.androidproj", "{1384C720-B34B-3D11-81D8-07F2C3E1F8D5}"
EndProject
Global
    GlobalSection(SolutionConfigurationPlatforms) = preSolution
        Debug|ARM = Debug|ARM
        Profile|ARM = Profile|ARM
        Release|ARM = Release|ARM
    EndGlobalSection
    GlobalSection(ProjectConfigurationPlatforms) = postSolution
        {C050D174-F7E0-3CD3-8C61-48BA443C9FE4}.Debug|ARM.ActiveCfg = Debug|ARM
        {C050D174-F7E0-3CD3-8C61-48BA443C9FE4}.Debug|ARM.Build.0 = Debug|ARM
        {C050D174-F7E0-3CD3-8C61-48BA443C9FE4}.Profile|ARM.ActiveCfg = Profile|ARM
        {C050D174-F7E0-3CD3-8C61-48BA443C9FE4}.Profile|ARM.Build.0 = Profile|ARM
        {C050D174-F7E0-3CD3-8C61-48BA443C9FE4}.Release|ARM.ActiveCfg = Release|ARM
        {C050D174-F7E0-3CD3-8C61-48BA443C9FE4}.Release|ARM.Build.0 = Release|ARM
        {1384C720-B34B-3D11-81D8-07F2C3E1F8D5}.Debug|ARM.ActiveCfg = Debug|ARM
        {1384C720-B34B-3D11-81D8-07F2C3E1F8D5}.Debug|ARM.Build.0 = Debug|ARM
        {1384C720-B34B-3D11-81D8-07F2C3E1F8D5}.Debug|ARM.Deploy.0 = Debug|ARM
        {1384C720-B34B-3D11-81D8-07F2C3E1F8D5}.Profile|ARM.ActiveCfg = Profile|ARM
        {1384C720-B34B-3D11-81D8-07F2C3E1F8D5}.Profile|ARM.Build.0 = Profile|ARM
        {1384C720-B34B-3D11-81D8-07F2C3E1F8D5}.Profile|ARM.Deploy.0 = Profile|ARM
        {1384C720-B34B-3D11-81D8-07F2C3E1F8D5}.Release|ARM.ActiveCfg = Release|ARM
        {1384C720-B34B-3D11-81D8-07F2C3E1F8D5}.Release|ARM.Build.0 = Release|ARM
        {1384C720-B34B-3D11-81D8-07F2C3E1F8D5}.Release|ARM.Deploy.0 = Release|ARM
    EndGlobalSection
    GlobalSection(SolutionProperties) = preSolution
        HideSolutionNode = FALSE
    EndGlobalSection
EndGlobal
