// !$*UTF8*$!
{
    archiveVersion = 1;
    classes = {};
    objectVersion = 46;
    objects = {

/* Begin PBXBuildFile section */
        73231B6924494F10BEE9667B = {isa = PBXBuildFile; fileRef = E065F502B31E429F885181BA /* App.xaml */; };
        1F1C9554E30A4DA5A0E0ECED = {isa = PBXBuildFile; fileRef = 7B25997F52724307AE43D34E /* MainWindow.xaml */; };
        25E3292FE1654D399108A76B = {isa = PBXBuildFile; fileRef = 7E25DA86F8B04E9989290FEF /* Roboto-Regular.ttf */; };
        623BCF8A13B549B49872CB31 = {isa = PBXBuildFile; fileRef = E83DC89AEA894DD59ADFBD49 /* Roboto-Bold.ttf */; };
        3F5FDC37FA6B4E6280DFA267 = {isa = PBXBuildFile; fileRef = 7BCFBDAC02E64E428467E6FA /* Main.cpp */; };
        EED9888B43D94D58BC0A611B = {isa = PBXBuildFile; fileRef = EF74E07A84974101B1C9799A /* Metal.framework */; };
        FD465EC385B747E2A5215C7D = {isa = PBXBuildFile; fileRef = CF10E943EAE9498EB3C803F6 /* OpenGLES.framework */; };
        54F72A8493AA47F4B693F9F4 = {isa = PBXBuildFile; fileRef = 338C9EB09B1B4129A03DB3A6 /* QuartzCore.framework */; };
        6C74A493368B452E8E12D583 = {isa = PBXBuildFile; fileRef = A373CF33831C43EA816257FC /* CoreFoundation.framework */; };
        141EE2EB7E604B7A8BB3AA84 = {isa = PBXBuildFile; fileRef = 0D830E59FC174ED39AA29ABC /* UIKit.framework */; };
        F9B54A58FCAB42C4B27FA07B = {isa = PBXBuildFile; fileRef = 2DF3A07BC39243D99E8DB2C7 /* libNoesis.a */; };
        8A1E14B1C03341789813C424 = {isa = PBXBuildFile; fileRef = 6C26005F69DA494E92E56315 /* libNoesisApp.a */; };
/* End PBXBuildFile section */

/* Begin PBXFileReference section */
        C38BF14BC12A44378C231C77 /* Samples.ApplicationTutorial.app */ = {isa = PBXFileReference; explicitFileType = wrapper.application; includeInIndex = 0; path = Samples.ApplicationTutorial.app; sourceTree = BUILT_PRODUCTS_DIR; };
        EF74E07A84974101B1C9799A /* Metal.framework */ = {isa = PBXFileReference; explicitFileType = wrapper.framework; name = "Metal.framework"; path = "System/Library/Frameworks/Metal.framework"; sourceTree = SDKROOT; };
        CF10E943EAE9498EB3C803F6 /* OpenGLES.framework */ = {isa = PBXFileReference; explicitFileType = wrapper.framework; name = "OpenGLES.framework"; path = "System/Library/Frameworks/OpenGLES.framework"; sourceTree = SDKROOT; };
        338C9EB09B1B4129A03DB3A6 /* QuartzCore.framework */ = {isa = PBXFileReference; explicitFileType = wrapper.framework; name = "QuartzCore.framework"; path = "System/Library/Frameworks/QuartzCore.framework"; sourceTree = SDKROOT; };
        A373CF33831C43EA816257FC /* CoreFoundation.framework */ = {isa = PBXFileReference; explicitFileType = wrapper.framework; name = "CoreFoundation.framework"; path = "System/Library/Frameworks/CoreFoundation.framework"; sourceTree = SDKROOT; };
        0D830E59FC174ED39AA29ABC /* UIKit.framework */ = {isa = PBXFileReference; explicitFileType = wrapper.framework; name = "UIKit.framework"; path = "System/Library/Frameworks/UIKit.framework"; sourceTree = SDKROOT; };
        2DF3A07BC39243D99E8DB2C7 /* libNoesis.a */ = {isa = PBXFileReference; explicitFileType = archive.ar; name = "libNoesis.a"; path = "../../../../../../Lib/ios/libNoesis.a"; sourceTree = SOURCE_ROOT; };
        6C26005F69DA494E92E56315 /* libNoesisApp.a */ = {isa = PBXFileReference; explicitFileType = archive.ar; name = "libNoesisApp.a"; path = "../../../../../../Lib/ios/libNoesisApp.a"; sourceTree = SOURCE_ROOT; };
        AE985D86164243BAA9BE7150 /* Common.xcconfig */ = {isa = PBXFileReference; explicitFileType = text.xcconfig; name = "Common.xcconfig"; path = "../../../../../../Config/Common.xcconfig"; sourceTree = SOURCE_ROOT; };
        AC911B3A8F1644FE9AD937C7 /* Release.xcconfig */ = {isa = PBXFileReference; explicitFileType = text.xcconfig; name = "Release.xcconfig"; path = "../../../../../../Config/Release/Release.xcconfig"; sourceTree = SOURCE_ROOT; };
        3C7BBE99499F40BBAE464F8E /* Profile.xcconfig */ = {isa = PBXFileReference; explicitFileType = text.xcconfig; name = "Profile.xcconfig"; path = "../../../../../../Config/Profile/Profile.xcconfig"; sourceTree = SOURCE_ROOT; };
        A34B1DA853684DB2ACF60C40 /* Debug.xcconfig */ = {isa = PBXFileReference; explicitFileType = text.xcconfig; name = "Debug.xcconfig"; path = "../../../../../../Config/Debug/Debug.xcconfig"; sourceTree = SOURCE_ROOT; };
        7BCFBDAC02E64E428467E6FA /* Main.cpp */ = {isa = PBXFileReference; explicitFileType = sourcecode.cpp.cpp; name = "Main.cpp"; path = "../../Src/Main.cpp"; sourceTree = SOURCE_ROOT; };
        E065F502B31E429F885181BA /* App.xaml */ = {isa = PBXFileReference; lastKnownFileType = file; name = "App.xaml"; path = "../../Data/App.xaml"; sourceTree = SOURCE_ROOT; };
        7B25997F52724307AE43D34E /* MainWindow.xaml */ = {isa = PBXFileReference; lastKnownFileType = file; name = "MainWindow.xaml"; path = "../../Data/MainWindow.xaml"; sourceTree = SOURCE_ROOT; };
        7E25DA86F8B04E9989290FEF /* Roboto-Regular.ttf */ = {isa = PBXFileReference; lastKnownFileType = file; name = "Roboto-Regular.ttf"; path = "../../Data/Roboto-Regular.ttf"; sourceTree = SOURCE_ROOT; };
        E83DC89AEA894DD59ADFBD49 /* Roboto-Bold.ttf */ = {isa = PBXFileReference; lastKnownFileType = file; name = "Roboto-Bold.ttf"; path = "../../Data/Roboto-Bold.ttf"; sourceTree = SOURCE_ROOT; };
/* End PBXFileReference section */

/* Begin PBXGroup section */
        11A0DDF7B53E4850A2C74B0D = {
            isa = PBXGroup;
            children = (
                7BCFBDAC02E64E428467E6FA,
            );
            name = Src;
            sourceTree = "<group>";
        };
        A68D02A31A60433F86506027 = {
            isa = PBXGroup;
            children = (
                E065F502B31E429F885181BA,
                7B25997F52724307AE43D34E,
                7E25DA86F8B04E9989290FEF,
                E83DC89AEA894DD59ADFBD49,
            );
            name = Data;
            sourceTree = "<group>";
        };
        F6F61953C1C54E51AF6375B6 = {
            isa = PBXGroup;
            children = (
                AC911B3A8F1644FE9AD937C7,
                3C7BBE99499F40BBAE464F8E,
                AE985D86164243BAA9BE7150,
                A34B1DA853684DB2ACF60C40,
            );
            name = Config;
            sourceTree = "<group>";
        };
        C6CAC1BA66DC4CE290E94FC2 = {
            isa = PBXGroup;
            children = (
                C38BF14BC12A44378C231C77,
            );
            name = Products;
            sourceTree = "<group>";
        };
        9FB1BB865F4948928892C174 = {
            isa = PBXGroup;
            children = (
                EF74E07A84974101B1C9799A,
                CF10E943EAE9498EB3C803F6,
                338C9EB09B1B4129A03DB3A6,
                A373CF33831C43EA816257FC,
                0D830E59FC174ED39AA29ABC,
                2DF3A07BC39243D99E8DB2C7,
                6C26005F69DA494E92E56315,
            );
            name = Dependencies;
            sourceTree = "<group>";
        };
        F9EBC998B22C4E04944DB80A = {
            isa = PBXGroup;
            children = (
                11A0DDF7B53E4850A2C74B0D,
                A68D02A31A60433F86506027,
                F6F61953C1C54E51AF6375B6,
                C6CAC1BA66DC4CE290E94FC2,
                9FB1BB865F4948928892C174,
                EF8618E08D2241368CD068CA,
            );
            sourceTree = "<group>";
        };
/* End PBXGroup section */

/* Begin PBXSourcesBuildPhase section */
        D2D693A88E0D401B823219D1 = {
            isa = PBXSourcesBuildPhase;
            buildActionMask = 2147483647;
            files = (
                73231B6924494F10BEE9667B,
                1F1C9554E30A4DA5A0E0ECED,
                25E3292FE1654D399108A76B,
                623BCF8A13B549B49872CB31,
                3F5FDC37FA6B4E6280DFA267,
            );
            runOnlyForDeploymentPostprocessing = 0;
        };
/* End PBXSourcesBuildPhase section */

/* Begin PBXBuildRule section */
        695DE01F4BAA468B9BA91098 = {
            isa = PBXBuildRule;
            compilerSpec = com.apple.compilers.proxy.script;
            filePatterns = "*.xaml *.xaml *.ttf *.ttf";
            fileType = pattern.proxy;
            isEditable = 0;
            outputFiles = (
                "${DERIVED_FILE_DIR}/${INPUT_FILE_NAME}.bin.h"
            );
            script = "../../../../../Tools/Bin2h/bin2h.py \"${INPUT_FILE_PATH}\" > \"${DERIVED_SOURCES_DIR}/${INPUT_FILE_NAME}.bin.h\"";
        };
/* End PBXBuildRule section */

/* Begin PBXFrameworksBuildPhase section */
        54F2635D5B6B47E1A03D2D44 = {
            isa = PBXFrameworksBuildPhase;
            buildActionMask = 2147483647;
            files = (
                EED9888B43D94D58BC0A611B,
                FD465EC385B747E2A5215C7D,
                54F72A8493AA47F4B693F9F4,
                6C74A493368B452E8E12D583,
                141EE2EB7E604B7A8BB3AA84,
                F9B54A58FCAB42C4B27FA07B,
                8A1E14B1C03341789813C424,
            );
            runOnlyForDeploymentPostprocessing = 0;
        };
/* End PBXFrameworksBuildPhase section */

/* Begin PBXResourcesBuildPhase section */
        8F94D75BCDD94FE18223E170 = {
            isa = PBXResourcesBuildPhase;
            buildActionMask = 2147483647;
            files = (
            );
            runOnlyForDeploymentPostprocessing = 0;
        };
/* End PBXResourcesBuildPhase section */

/* Begin PBXNativeTarget section */
        7C38F3A5774843098E2D49AA = {
            isa = PBXNativeTarget;
            buildConfigurationList = 94B8EBC350CF4AE5B8A378AE;
            buildPhases = (
                D2D693A88E0D401B823219D1,
                54F2635D5B6B47E1A03D2D44,
                8F94D75BCDD94FE18223E170,
            );
            buildRules = (
                695DE01F4BAA468B9BA91098,
            );
            dependencies = ();
            name = Samples.ApplicationTutorial;
            productName = Samples.ApplicationTutorial;
            productReference = C38BF14BC12A44378C231C77;
            productType = "com.apple.product-type.application";
        };
/* End PBXNativeTarget section */

/* Begin PBXProject section */
        C498E002AEE046249C6E75EE = {
            isa = PBXProject;
            attributes = {};
            buildConfigurationList = 3719BC27508F475FB65EEBC1;
            compatibilityVersion = "Xcode 3.2";
            developmentRegion = English;
            hasScannedForEncodings = 0;
            knownRegions = (en,);
            mainGroup = F9EBC998B22C4E04944DB80A;
            productRefGroup = C6CAC1BA66DC4CE290E94FC2;
            projectDirPath = "";
            projectRoot = "";
            targets = (7C38F3A5774843098E2D49AA,);
        };
/* End PBXProject section */

/* Begin XCBuildConfiguration section */
        4A3E61829B7249BF96BFE25C = {
            isa = XCBuildConfiguration;
            baseConfigurationReference = AC911B3A8F1644FE9AD937C7;
            buildSettings = {
                SDKROOT = iphoneos;
                ARCHS = "$(ARCHS_STANDARD)";
                HEADER_SEARCH_PATHS = (../../../../Core/NSTL/Include,../../../../Math/VectorMath/Include,../../../../Gui/DependencySystem/Include,../../../../../../3rdParty/EASTL/local/include,../../../../Drawing/Types/Include,../../../../Math/Utils/Include,../../../../App/Display/Include,../../../../App/Launcher/Include,../../../../Gui/CachedFontProvider/Include,../../../../Gui/Core/Include,../../../../../../Include,../../../../App/ApplicationLauncher/Include,../../../../Gui/Providers/Include,../../../../App/DisplayLauncher/Include,../../../../Core/Kernel/Include,../../../../Samples/ApplicationTutorial/Include,../../../../Core/Nullable/Include);
                GCC_PREPROCESSOR_DEFINITIONS = ("NS_BUILD","NS_CONFIG=Release","NS_VERSION=2.1.0f1","NS_APP_FRAMEWORK","NS_STATIC_LIBRARY","NS_RELEASE_CFG","NS_ASSERTS_ENABLED=0","NS_INSTRUMENTED_ENABLED=0","NS_MINIMUM_LOG_LEVEL=2","HAVE_GLES2_GL2_H","$(inherited)");
                LIBRARY_SEARCH_PATHS = (../../../../../../Lib/ios);
                OTHER_LDFLAGS = ();
                GCC_PRECOMPILE_PREFIX_HEADER = YES;
                GCC_PREFIX_HEADER = pch.h;
                STRIP_STYLE = all;
                CONFIGURATION_BUILD_DIR = "$(PROJECT_DIR)/../../../../../../Bin/ios";
                CONFIGURATION_TEMP_DIR = "$(PROJECT_DIR)/build/$(CONFIGURATION)";
                USE_HEADERMAP = NO;
            };
            name = Release;
        };
        04DC706D93D84AE1A9FB4395 = {
            isa = XCBuildConfiguration;
            buildSettings = {
                PRODUCT_BUNDLE_IDENTIFIER = "Noesis.${PRODUCT_NAME:rfc1034identifier}";
                PRODUCT_NAME = "$(TARGET_NAME)";
                CURRENT_PROJECT_VERSION = 2.1.0;
                DYLIB_COMPATIBILITY_VERSION = "$(CURRENT_PROJECT_VERSION)";
                DYLIB_CURRENT_VERSION = "$(CURRENT_PROJECT_VERSION)";
                GCC_INPUT_FILETYPE = "sourcecode.cpp.objcpp";
                INFOPLIST_FILE = "$(PROJECT_DIR)/../../Resources/iOS/info.plist";
                TARGETED_DEVICE_FAMILY = "1,2";
            };
            name = Release;
        };
        11AC9B6CBDD44A37838533A0 = {
            isa = XCBuildConfiguration;
            baseConfigurationReference = 3C7BBE99499F40BBAE464F8E;
            buildSettings = {
                SDKROOT = iphoneos;
                ARCHS = "$(ARCHS_STANDARD)";
                HEADER_SEARCH_PATHS = (../../../../Core/NSTL/Include,../../../../Math/VectorMath/Include,../../../../Gui/DependencySystem/Include,../../../../../../3rdParty/EASTL/local/include,../../../../Drawing/Types/Include,../../../../Math/Utils/Include,../../../../App/Display/Include,../../../../App/Launcher/Include,../../../../Gui/CachedFontProvider/Include,../../../../Gui/Core/Include,../../../../../../Include,../../../../App/ApplicationLauncher/Include,../../../../Gui/Providers/Include,../../../../App/DisplayLauncher/Include,../../../../Core/Kernel/Include,../../../../Samples/ApplicationTutorial/Include,../../../../Core/Nullable/Include);
                GCC_PREPROCESSOR_DEFINITIONS = ("NS_BUILD","NS_CONFIG=Profile","NS_VERSION=2.1.0f1","NS_APP_FRAMEWORK","NS_STATIC_LIBRARY","NS_PROFILE_CFG","NS_ASSERTS_ENABLED=0","NS_INSTRUMENTED_ENABLED=1","NS_MINIMUM_LOG_LEVEL=2","HAVE_GLES2_GL2_H","$(inherited)");
                LIBRARY_SEARCH_PATHS = (../../../../../../Lib/ios);
                OTHER_LDFLAGS = ();
                GCC_PRECOMPILE_PREFIX_HEADER = YES;
                GCC_PREFIX_HEADER = pch.h;
                STRIP_STYLE = all;
                CONFIGURATION_BUILD_DIR = "$(PROJECT_DIR)/../../../../../../Bin/ios";
                CONFIGURATION_TEMP_DIR = "$(PROJECT_DIR)/build/$(CONFIGURATION)";
                USE_HEADERMAP = NO;
            };
            name = Profile;
        };
        61E3700E77614EE6A213A86B = {
            isa = XCBuildConfiguration;
            buildSettings = {
                PRODUCT_BUNDLE_IDENTIFIER = "Noesis.${PRODUCT_NAME:rfc1034identifier}";
                PRODUCT_NAME = "$(TARGET_NAME)";
                CURRENT_PROJECT_VERSION = 2.1.0;
                DYLIB_COMPATIBILITY_VERSION = "$(CURRENT_PROJECT_VERSION)";
                DYLIB_CURRENT_VERSION = "$(CURRENT_PROJECT_VERSION)";
                GCC_INPUT_FILETYPE = "sourcecode.cpp.objcpp";
                INFOPLIST_FILE = "$(PROJECT_DIR)/../../Resources/iOS/info.plist";
                TARGETED_DEVICE_FAMILY = "1,2";
            };
            name = Profile;
        };
        E6294DC8562B4027995DFCB5 = {
            isa = XCBuildConfiguration;
            baseConfigurationReference = A34B1DA853684DB2ACF60C40;
            buildSettings = {
                SDKROOT = iphoneos;
                ARCHS = "$(ARCHS_STANDARD)";
                HEADER_SEARCH_PATHS = (../../../../Core/NSTL/Include,../../../../Math/VectorMath/Include,../../../../Gui/DependencySystem/Include,../../../../../../3rdParty/EASTL/local/include,../../../../Drawing/Types/Include,../../../../Math/Utils/Include,../../../../App/Display/Include,../../../../App/Launcher/Include,../../../../Gui/CachedFontProvider/Include,../../../../Gui/Core/Include,../../../../../../Include,../../../../App/ApplicationLauncher/Include,../../../../Gui/Providers/Include,../../../../App/DisplayLauncher/Include,../../../../Core/Kernel/Include,../../../../Samples/ApplicationTutorial/Include,../../../../Core/Nullable/Include);
                GCC_PREPROCESSOR_DEFINITIONS = ("NS_BUILD","NS_CONFIG=Debug","NS_VERSION=2.1.0f1","NS_APP_FRAMEWORK","NS_STATIC_LIBRARY","NS_DEBUG_CFG","NS_ASSERTS_ENABLED=1","NS_INSTRUMENTED_ENABLED=1","NS_MINIMUM_LOG_LEVEL=1","HAVE_GLES2_GL2_H","$(inherited)");
                LIBRARY_SEARCH_PATHS = (../../../../../../Lib/ios);
                OTHER_LDFLAGS = ();
                GCC_PRECOMPILE_PREFIX_HEADER = YES;
                GCC_PREFIX_HEADER = pch.h;
                STRIP_STYLE = all;
                CONFIGURATION_BUILD_DIR = "$(PROJECT_DIR)/../../../../../../Bin/ios";
                CONFIGURATION_TEMP_DIR = "$(PROJECT_DIR)/build/$(CONFIGURATION)";
                USE_HEADERMAP = NO;
            };
            name = Debug;
        };
        FA0FE261E79F4CAEB5D7FA87 = {
            isa = XCBuildConfiguration;
            buildSettings = {
                PRODUCT_BUNDLE_IDENTIFIER = "Noesis.${PRODUCT_NAME:rfc1034identifier}";
                PRODUCT_NAME = "$(TARGET_NAME)";
                CURRENT_PROJECT_VERSION = 2.1.0;
                DYLIB_COMPATIBILITY_VERSION = "$(CURRENT_PROJECT_VERSION)";
                DYLIB_CURRENT_VERSION = "$(CURRENT_PROJECT_VERSION)";
                GCC_INPUT_FILETYPE = "sourcecode.cpp.objcpp";
                INFOPLIST_FILE = "$(PROJECT_DIR)/../../Resources/iOS/info.plist";
                TARGETED_DEVICE_FAMILY = "1,2";
            };
            name = Debug;
        };
/* End XCBuildConfiguration section */

/* Begin XCConfigurationList section */
        3719BC27508F475FB65EEBC1 = {
            isa = XCConfigurationList;
            buildConfigurations = (4A3E61829B7249BF96BFE25C,11AC9B6CBDD44A37838533A0,E6294DC8562B4027995DFCB5);
            defaultConfigurationIsVisible = 0;
            defaultConfigurationName = Release;
        };

        94B8EBC350CF4AE5B8A378AE = {
            isa = XCConfigurationList;
            buildConfigurations = (04DC706D93D84AE1A9FB4395,61E3700E77614EE6A213A86B,FA0FE261E79F4CAEB5D7FA87);
            defaultConfigurationIsVisible = 0;
            defaultConfigurationName = Release;
        };
/* End XCConfigurationList section */
    };
    rootObject = C498E002AEE046249C6E75EE;
}
