// !$*UTF8*$!
{
    archiveVersion = 1;
    classes = {};
    objectVersion = 46;
    objects = {

/* Begin PBXBuildFile section */
        19008C9D5EF74377A1FA35AD = {isa = PBXBuildFile; fileRef = ADEEFFDA3BA9450B92FA9BCA /* App.xaml */; };
        1399B5CA71D1435C8A14D31D = {isa = PBXBuildFile; fileRef = AE469BA9AD3E4BFF8FA7CA06 /* MainWindow.xaml */; };
        81A33FCC590349CDA1FA767F = {isa = PBXBuildFile; fileRef = E7892AC163584F46A51F5EE7 /* Roboto-Regular.ttf */; };
        87F0FDF2528B40F0B65E0B66 = {isa = PBXBuildFile; fileRef = 25EB4637871E48E7875883F9 /* Roboto-Bold.ttf */; };
        EA9AE44921FE4CF183A47052 = {isa = PBXBuildFile; fileRef = CBF86EBACEEB4B9999202953 /* moons_2.jpg */; };
        2C94471FD12242AB94CFEDE4 = {isa = PBXBuildFile; fileRef = C3DA0E25FF71446B9E191A7B /* earglobe.jpg */; };
        BB93249F98C84F76A268F246 = {isa = PBXBuildFile; fileRef = ED377D97594A40758D7699A7 /* jupglobe.jpg */; };
        69048F984B65482BB356609C = {isa = PBXBuildFile; fileRef = 0B40FAE6E78E4463A9990EE1 /* marglobe.jpg */; };
        0B2CA4D242AD4357A21C57E0 = {isa = PBXBuildFile; fileRef = 082401B19B024A6C91A17C57 /* merglobe.jpg */; };
        5E24761AA3FC4A5AA938D3AF = {isa = PBXBuildFile; fileRef = E80A4EC5AD6D4259912C261C /* nepglobe.jpg */; };
        6B02529FF3384D21ADC4BE3C = {isa = PBXBuildFile; fileRef = F4ADA6381CBC4B529943DC3E /* plutoch_2.jpg */; };
        16AEAE69FAFC4DA9A74DD515 = {isa = PBXBuildFile; fileRef = 3B6E8F1117B54A5083AD0150 /* sun.jpg */; };
        90341B473F5C42069811C46A = {isa = PBXBuildFile; fileRef = 6682752296CB4504804D8523 /* uraglobe.jpg */; };
        AE778F50B2C84E049BE9869A = {isa = PBXBuildFile; fileRef = BE30E1EFE82441649BC2C036 /* venglobe.jpg */; };
        989B78EB5C764CBAAE861DFA = {isa = PBXBuildFile; fileRef = F0C53E1E044C404B8C373D8B /* Main.cpp */; };
        885E6C9947F14637AC94BB80 = {isa = PBXBuildFile; fileRef = 33D156D0DA5D4BB9B1165FB1 /* AppKit.framework */; };
        17E347F882304D4C86924353 = {isa = PBXBuildFile; fileRef = 526698DBC7DB4A90846E05D2 /* Noesis.dylib */; };
        F849B48957E34DDE9E8CA53F = {isa = PBXBuildFile; fileRef = 2C5D83F25E7D42579B267678 /* NoesisApp.dylib */; };
/* End PBXBuildFile section */

/* Begin PBXFileReference section */
        773AA4F71AB349A3A83269C9 /* Samples.DataBinding.app */ = {isa = PBXFileReference; explicitFileType = wrapper.application; includeInIndex = 0; path = Samples.DataBinding.app; sourceTree = BUILT_PRODUCTS_DIR; };
        33D156D0DA5D4BB9B1165FB1 /* AppKit.framework */ = {isa = PBXFileReference; explicitFileType = wrapper.framework; name = "AppKit.framework"; path = "System/Library/Frameworks/AppKit.framework"; sourceTree = SDKROOT; };
        526698DBC7DB4A90846E05D2 /* Noesis.dylib */ = {isa = PBXFileReference; explicitFileType = archive.ar; name = "Noesis.dylib"; path = "../../../../../../Bin/osx/Noesis.dylib"; sourceTree = SOURCE_ROOT; };
        2C5D83F25E7D42579B267678 /* NoesisApp.dylib */ = {isa = PBXFileReference; explicitFileType = archive.ar; name = "NoesisApp.dylib"; path = "../../../../../../Bin/osx/NoesisApp.dylib"; sourceTree = SOURCE_ROOT; };
        AF32ADAB89B840C4B099CFA7 /* Common.xcconfig */ = {isa = PBXFileReference; explicitFileType = text.xcconfig; name = "Common.xcconfig"; path = "../../../../../../Config/Common.xcconfig"; sourceTree = SOURCE_ROOT; };
        56194F3FB3774A5EB7C0BE40 /* Release.xcconfig */ = {isa = PBXFileReference; explicitFileType = text.xcconfig; name = "Release.xcconfig"; path = "../../../../../../Config/Release/Release.xcconfig"; sourceTree = SOURCE_ROOT; };
        7D54B4C54C18499190E5C5F7 /* Profile.xcconfig */ = {isa = PBXFileReference; explicitFileType = text.xcconfig; name = "Profile.xcconfig"; path = "../../../../../../Config/Profile/Profile.xcconfig"; sourceTree = SOURCE_ROOT; };
        312C6BB6F6084E4FB61D16A2 /* Debug.xcconfig */ = {isa = PBXFileReference; explicitFileType = text.xcconfig; name = "Debug.xcconfig"; path = "../../../../../../Config/Debug/Debug.xcconfig"; sourceTree = SOURCE_ROOT; };
        F0C53E1E044C404B8C373D8B /* Main.cpp */ = {isa = PBXFileReference; explicitFileType = sourcecode.cpp.cpp; name = "Main.cpp"; path = "../../Src/Main.cpp"; sourceTree = SOURCE_ROOT; };
        ADEEFFDA3BA9450B92FA9BCA /* App.xaml */ = {isa = PBXFileReference; lastKnownFileType = file; name = "App.xaml"; path = "../../Src/App.xaml"; sourceTree = SOURCE_ROOT; };
        AE469BA9AD3E4BFF8FA7CA06 /* MainWindow.xaml */ = {isa = PBXFileReference; lastKnownFileType = file; name = "MainWindow.xaml"; path = "../../Src/MainWindow.xaml"; sourceTree = SOURCE_ROOT; };
        E7892AC163584F46A51F5EE7 /* Roboto-Regular.ttf */ = {isa = PBXFileReference; lastKnownFileType = file; name = "Roboto-Regular.ttf"; path = "../../Src/Roboto-Regular.ttf"; sourceTree = SOURCE_ROOT; };
        25EB4637871E48E7875883F9 /* Roboto-Bold.ttf */ = {isa = PBXFileReference; lastKnownFileType = file; name = "Roboto-Bold.ttf"; path = "../../Src/Roboto-Bold.ttf"; sourceTree = SOURCE_ROOT; };
        CBF86EBACEEB4B9999202953 /* moons_2.jpg */ = {isa = PBXFileReference; lastKnownFileType = file; name = "moons_2.jpg"; path = "../../Src/Images/moons_2.jpg"; sourceTree = SOURCE_ROOT; };
        C3DA0E25FF71446B9E191A7B /* earglobe.jpg */ = {isa = PBXFileReference; lastKnownFileType = file; name = "earglobe.jpg"; path = "../../Src/Images/earglobe.jpg"; sourceTree = SOURCE_ROOT; };
        ED377D97594A40758D7699A7 /* jupglobe.jpg */ = {isa = PBXFileReference; lastKnownFileType = file; name = "jupglobe.jpg"; path = "../../Src/Images/jupglobe.jpg"; sourceTree = SOURCE_ROOT; };
        0B40FAE6E78E4463A9990EE1 /* marglobe.jpg */ = {isa = PBXFileReference; lastKnownFileType = file; name = "marglobe.jpg"; path = "../../Src/Images/marglobe.jpg"; sourceTree = SOURCE_ROOT; };
        082401B19B024A6C91A17C57 /* merglobe.jpg */ = {isa = PBXFileReference; lastKnownFileType = file; name = "merglobe.jpg"; path = "../../Src/Images/merglobe.jpg"; sourceTree = SOURCE_ROOT; };
        E80A4EC5AD6D4259912C261C /* nepglobe.jpg */ = {isa = PBXFileReference; lastKnownFileType = file; name = "nepglobe.jpg"; path = "../../Src/Images/nepglobe.jpg"; sourceTree = SOURCE_ROOT; };
        F4ADA6381CBC4B529943DC3E /* plutoch_2.jpg */ = {isa = PBXFileReference; lastKnownFileType = file; name = "plutoch_2.jpg"; path = "../../Src/Images/plutoch_2.jpg"; sourceTree = SOURCE_ROOT; };
        3B6E8F1117B54A5083AD0150 /* sun.jpg */ = {isa = PBXFileReference; lastKnownFileType = file; name = "sun.jpg"; path = "../../Src/Images/sun.jpg"; sourceTree = SOURCE_ROOT; };
        6682752296CB4504804D8523 /* uraglobe.jpg */ = {isa = PBXFileReference; lastKnownFileType = file; name = "uraglobe.jpg"; path = "../../Src/Images/uraglobe.jpg"; sourceTree = SOURCE_ROOT; };
        BE30E1EFE82441649BC2C036 /* venglobe.jpg */ = {isa = PBXFileReference; lastKnownFileType = file; name = "venglobe.jpg"; path = "../../Src/Images/venglobe.jpg"; sourceTree = SOURCE_ROOT; };
/* End PBXFileReference section */

/* Begin PBXGroup section */
        A4608B6515E542958EBE1BEA = {
            isa = PBXGroup;
            children = (
                F0C53E1E044C404B8C373D8B,
            );
            name = Src;
            sourceTree = "<group>";
        };
        1C4AD377D0874E34AEAADB03 = {
            isa = PBXGroup;
            children = (
                ADEEFFDA3BA9450B92FA9BCA,
                AE469BA9AD3E4BFF8FA7CA06,
                E7892AC163584F46A51F5EE7,
                25EB4637871E48E7875883F9,
                CBF86EBACEEB4B9999202953,
                C3DA0E25FF71446B9E191A7B,
                ED377D97594A40758D7699A7,
                0B40FAE6E78E4463A9990EE1,
                082401B19B024A6C91A17C57,
                E80A4EC5AD6D4259912C261C,
                F4ADA6381CBC4B529943DC3E,
                3B6E8F1117B54A5083AD0150,
                6682752296CB4504804D8523,
                BE30E1EFE82441649BC2C036,
            );
            name = Data;
            sourceTree = "<group>";
        };
        7217899DB86F44B5B10780E6 = {
            isa = PBXGroup;
            children = (
                56194F3FB3774A5EB7C0BE40,
                7D54B4C54C18499190E5C5F7,
                AF32ADAB89B840C4B099CFA7,
                312C6BB6F6084E4FB61D16A2,
            );
            name = Config;
            sourceTree = "<group>";
        };
        A2D07E4460724DD3A1CF19B7 = {
            isa = PBXGroup;
            children = (
                773AA4F71AB349A3A83269C9,
            );
            name = Products;
            sourceTree = "<group>";
        };
        CA4E2CA47EFB43FF8A857EFE = {
            isa = PBXGroup;
            children = (
                33D156D0DA5D4BB9B1165FB1,
                526698DBC7DB4A90846E05D2,
                2C5D83F25E7D42579B267678,
            );
            name = Dependencies;
            sourceTree = "<group>";
        };
        0C13B256E63C49AFAFB9CEBC = {
            isa = PBXGroup;
            children = (
                A4608B6515E542958EBE1BEA,
                1C4AD377D0874E34AEAADB03,
                7217899DB86F44B5B10780E6,
                A2D07E4460724DD3A1CF19B7,
                CA4E2CA47EFB43FF8A857EFE,
                F2134E43D2244025886F529A,
            );
            sourceTree = "<group>";
        };
/* End PBXGroup section */

/* Begin PBXSourcesBuildPhase section */
        ADDF5E7F0D054A10B58D7B44 = {
            isa = PBXSourcesBuildPhase;
            buildActionMask = 2147483647;
            files = (
                19008C9D5EF74377A1FA35AD,
                1399B5CA71D1435C8A14D31D,
                81A33FCC590349CDA1FA767F,
                87F0FDF2528B40F0B65E0B66,
                EA9AE44921FE4CF183A47052,
                2C94471FD12242AB94CFEDE4,
                BB93249F98C84F76A268F246,
                69048F984B65482BB356609C,
                0B2CA4D242AD4357A21C57E0,
                5E24761AA3FC4A5AA938D3AF,
                6B02529FF3384D21ADC4BE3C,
                16AEAE69FAFC4DA9A74DD515,
                90341B473F5C42069811C46A,
                AE778F50B2C84E049BE9869A,
                989B78EB5C764CBAAE861DFA,
            );
            runOnlyForDeploymentPostprocessing = 0;
        };
/* End PBXSourcesBuildPhase section */

/* Begin PBXBuildRule section */
        F78FCF8B7C7A42898D3510D5 = {
            isa = PBXBuildRule;
            compilerSpec = com.apple.compilers.proxy.script;
            filePatterns = "*.xaml *.xaml *.ttf *.ttf *.jpg *.jpg *.jpg *.jpg *.jpg *.jpg *.jpg *.jpg *.jpg *.jpg";
            fileType = pattern.proxy;
            isEditable = 0;
            outputFiles = (
                "${DERIVED_FILE_DIR}/${INPUT_FILE_NAME}.bin.h"
            );
            script = "../../../../../Tools/Bin2h/bin2h.py \"${INPUT_FILE_PATH}\" > \"${DERIVED_SOURCES_DIR}/${INPUT_FILE_NAME}.bin.h\"";
        };
/* End PBXBuildRule section */

/* Begin PBXFrameworksBuildPhase section */
        223CCED63AB241A298C7B036 = {
            isa = PBXFrameworksBuildPhase;
            buildActionMask = 2147483647;
            files = (
                885E6C9947F14637AC94BB80,
                17E347F882304D4C86924353,
                F849B48957E34DDE9E8CA53F,
            );
            runOnlyForDeploymentPostprocessing = 0;
        };
/* End PBXFrameworksBuildPhase section */

/* Begin PBXResourcesBuildPhase section */
        E8CE1C108474408A86AFA207 = {
            isa = PBXResourcesBuildPhase;
            buildActionMask = 2147483647;
            files = (
            );
            runOnlyForDeploymentPostprocessing = 0;
        };
/* End PBXResourcesBuildPhase section */

/* Begin PBXNativeTarget section */
        87B7F468ECBC4AFD94F50772 = {
            isa = PBXNativeTarget;
            buildConfigurationList = 1A679DA52016499980028C2E;
            buildPhases = (
                ADDF5E7F0D054A10B58D7B44,
                223CCED63AB241A298C7B036,
                E8CE1C108474408A86AFA207,
            );
            buildRules = (
                F78FCF8B7C7A42898D3510D5,
            );
            dependencies = ();
            name = Samples.DataBinding;
            productName = Samples.DataBinding;
            productReference = 773AA4F71AB349A3A83269C9;
            productType = "com.apple.product-type.application";
        };
/* End PBXNativeTarget section */

/* Begin PBXProject section */
        6B07827CFFDA439A9408356E = {
            isa = PBXProject;
            attributes = {};
            buildConfigurationList = 86752F84D87F44CF9BBC4E44;
            compatibilityVersion = "Xcode 3.2";
            developmentRegion = English;
            hasScannedForEncodings = 0;
            knownRegions = (en,);
            mainGroup = 0C13B256E63C49AFAFB9CEBC;
            productRefGroup = A2D07E4460724DD3A1CF19B7;
            projectDirPath = "";
            projectRoot = "";
            targets = (87B7F468ECBC4AFD94F50772,);
        };
/* End PBXProject section */

/* Begin XCBuildConfiguration section */
        76997451FAC6470B9AD5AA85 = {
            isa = XCBuildConfiguration;
            baseConfigurationReference = 56194F3FB3774A5EB7C0BE40;
            buildSettings = {
                SDKROOT = macosx;
                ARCHS = "$(ARCHS_STANDARD_32_64_BIT)";
                HEADER_SEARCH_PATHS = (../../../../Core/NSTL/Include,../../../../Math/VectorMath/Include,../../../../Gui/DependencySystem/Include,../../../../../../3rdParty/EASTL/local/include,../../../../Drawing/Types/Include,../../../../Math/Utils/Include,../../../../App/Display/Include,../../../../App/Launcher/Include,../../../../Gui/CachedFontProvider/Include,../../../../Gui/Core/Include,../../../../../../Include,../../../../App/ApplicationLauncher/Include,../../../../Gui/Providers/Include,../../../../Samples/DataBinding/Include,../../../../App/DisplayLauncher/Include,../../../../Core/Kernel/Include,../../../../Core/Nullable/Include);
                GCC_PREPROCESSOR_DEFINITIONS = ("NS_BUILD","NS_CONFIG=Release","NS_VERSION=2.1.0f1","NS_APP_FRAMEWORK","NS_RELEASE_CFG","NS_ASSERTS_ENABLED=0","NS_INSTRUMENTED_ENABLED=0","NS_MINIMUM_LOG_LEVEL=2","$(inherited)");
                LIBRARY_SEARCH_PATHS = ();
                OTHER_LDFLAGS = ();
                GCC_PRECOMPILE_PREFIX_HEADER = YES;
                GCC_PREFIX_HEADER = pch.h;
                STRIP_STYLE = all;
                CONFIGURATION_BUILD_DIR = "$(PROJECT_DIR)/../../../../../../Bin/osx";
                CONFIGURATION_TEMP_DIR = "$(PROJECT_DIR)/build/$(CONFIGURATION)";
                USE_HEADERMAP = NO;
            };
            name = Release;
        };
        7751856F587643AC9CE7BF3C = {
            isa = XCBuildConfiguration;
            buildSettings = {
                PRODUCT_BUNDLE_IDENTIFIER = "Noesis.${PRODUCT_NAME:rfc1034identifier}";
                PRODUCT_NAME = "$(TARGET_NAME)";
                CURRENT_PROJECT_VERSION = 2.1.0;
                DYLIB_COMPATIBILITY_VERSION = "$(CURRENT_PROJECT_VERSION)";
                DYLIB_CURRENT_VERSION = "$(CURRENT_PROJECT_VERSION)";
                GCC_INPUT_FILETYPE = "sourcecode.cpp.objcpp";
                INFOPLIST_FILE = "$(PROJECT_DIR)/../../Resources/macOS/info.plist";
                LD_RUNPATH_SEARCH_PATHS = "@executable_path/../../../";
            };
            name = Release;
        };
        3E2CB3D876884DB0AC414348 = {
            isa = XCBuildConfiguration;
            baseConfigurationReference = 7D54B4C54C18499190E5C5F7;
            buildSettings = {
                SDKROOT = macosx;
                ARCHS = "$(ARCHS_STANDARD_32_64_BIT)";
                HEADER_SEARCH_PATHS = (../../../../Core/NSTL/Include,../../../../Math/VectorMath/Include,../../../../Gui/DependencySystem/Include,../../../../../../3rdParty/EASTL/local/include,../../../../Drawing/Types/Include,../../../../Math/Utils/Include,../../../../App/Display/Include,../../../../App/Launcher/Include,../../../../Gui/CachedFontProvider/Include,../../../../Gui/Core/Include,../../../../../../Include,../../../../App/ApplicationLauncher/Include,../../../../Gui/Providers/Include,../../../../Samples/DataBinding/Include,../../../../App/DisplayLauncher/Include,../../../../Core/Kernel/Include,../../../../Core/Nullable/Include);
                GCC_PREPROCESSOR_DEFINITIONS = ("NS_BUILD","NS_CONFIG=Profile","NS_VERSION=2.1.0f1","NS_APP_FRAMEWORK","NS_PROFILE_CFG","NS_ASSERTS_ENABLED=0","NS_INSTRUMENTED_ENABLED=1","NS_MINIMUM_LOG_LEVEL=2","$(inherited)");
                LIBRARY_SEARCH_PATHS = ();
                OTHER_LDFLAGS = ();
                GCC_PRECOMPILE_PREFIX_HEADER = YES;
                GCC_PREFIX_HEADER = pch.h;
                STRIP_STYLE = all;
                CONFIGURATION_BUILD_DIR = "$(PROJECT_DIR)/../../../../../../Bin/osx";
                CONFIGURATION_TEMP_DIR = "$(PROJECT_DIR)/build/$(CONFIGURATION)";
                USE_HEADERMAP = NO;
            };
            name = Profile;
        };
        416B50F54A1F4FF5A3497C2F = {
            isa = XCBuildConfiguration;
            buildSettings = {
                PRODUCT_BUNDLE_IDENTIFIER = "Noesis.${PRODUCT_NAME:rfc1034identifier}";
                PRODUCT_NAME = "$(TARGET_NAME)";
                CURRENT_PROJECT_VERSION = 2.1.0;
                DYLIB_COMPATIBILITY_VERSION = "$(CURRENT_PROJECT_VERSION)";
                DYLIB_CURRENT_VERSION = "$(CURRENT_PROJECT_VERSION)";
                GCC_INPUT_FILETYPE = "sourcecode.cpp.objcpp";
                INFOPLIST_FILE = "$(PROJECT_DIR)/../../Resources/macOS/info.plist";
                LD_RUNPATH_SEARCH_PATHS = "@executable_path/../../../";
            };
            name = Profile;
        };
        E0186630081F43AA9287D2CD = {
            isa = XCBuildConfiguration;
            baseConfigurationReference = 312C6BB6F6084E4FB61D16A2;
            buildSettings = {
                SDKROOT = macosx;
                ARCHS = "$(ARCHS_STANDARD_32_64_BIT)";
                HEADER_SEARCH_PATHS = (../../../../Core/NSTL/Include,../../../../Math/VectorMath/Include,../../../../Gui/DependencySystem/Include,../../../../../../3rdParty/EASTL/local/include,../../../../Drawing/Types/Include,../../../../Math/Utils/Include,../../../../App/Display/Include,../../../../App/Launcher/Include,../../../../Gui/CachedFontProvider/Include,../../../../Gui/Core/Include,../../../../../../Include,../../../../App/ApplicationLauncher/Include,../../../../Gui/Providers/Include,../../../../Samples/DataBinding/Include,../../../../App/DisplayLauncher/Include,../../../../Core/Kernel/Include,../../../../Core/Nullable/Include);
                GCC_PREPROCESSOR_DEFINITIONS = ("NS_BUILD","NS_CONFIG=Debug","NS_VERSION=2.1.0f1","NS_APP_FRAMEWORK","NS_DEBUG_CFG","NS_ASSERTS_ENABLED=1","NS_INSTRUMENTED_ENABLED=1","NS_MINIMUM_LOG_LEVEL=1","$(inherited)");
                LIBRARY_SEARCH_PATHS = ();
                OTHER_LDFLAGS = ();
                GCC_PRECOMPILE_PREFIX_HEADER = YES;
                GCC_PREFIX_HEADER = pch.h;
                STRIP_STYLE = all;
                CONFIGURATION_BUILD_DIR = "$(PROJECT_DIR)/../../../../../../Bin/osx";
                CONFIGURATION_TEMP_DIR = "$(PROJECT_DIR)/build/$(CONFIGURATION)";
                USE_HEADERMAP = NO;
            };
            name = Debug;
        };
        52309F37433745AEBE40798E = {
            isa = XCBuildConfiguration;
            buildSettings = {
                PRODUCT_BUNDLE_IDENTIFIER = "Noesis.${PRODUCT_NAME:rfc1034identifier}";
                PRODUCT_NAME = "$(TARGET_NAME)";
                CURRENT_PROJECT_VERSION = 2.1.0;
                DYLIB_COMPATIBILITY_VERSION = "$(CURRENT_PROJECT_VERSION)";
                DYLIB_CURRENT_VERSION = "$(CURRENT_PROJECT_VERSION)";
                GCC_INPUT_FILETYPE = "sourcecode.cpp.objcpp";
                INFOPLIST_FILE = "$(PROJECT_DIR)/../../Resources/macOS/info.plist";
                LD_RUNPATH_SEARCH_PATHS = "@executable_path/../../../";
            };
            name = Debug;
        };
/* End XCBuildConfiguration section */

/* Begin XCConfigurationList section */
        86752F84D87F44CF9BBC4E44 = {
            isa = XCConfigurationList;
            buildConfigurations = (76997451FAC6470B9AD5AA85,3E2CB3D876884DB0AC414348,E0186630081F43AA9287D2CD);
            defaultConfigurationIsVisible = 0;
            defaultConfigurationName = Release;
        };

        1A679DA52016499980028C2E = {
            isa = XCConfigurationList;
            buildConfigurations = (7751856F587643AC9CE7BF3C,416B50F54A1F4FF5A3497C2F,52309F37433745AEBE40798E);
            defaultConfigurationIsVisible = 0;
            defaultConfigurationName = Release;
        };
/* End XCConfigurationList section */
    };
    rootObject = 6B07827CFFDA439A9408356E;
}
