Microsoft Visual Studio Solution File, Format Version 12.00
# Visual Studio 14
VisualStudioVersion = 14.0.25420.1
MinimumVisualStudioVersion = 10.0.40219.1
Project("{8BC9CEB8-8B4A-11D0-8D11-00A0C91BC942}") = "Samples.Login", "Samples.Login.vcxproj", "{0FB1B3B9-62A3-334E-8E00-37C028B7E977}"
EndProject
Project("{39E2626F-3545-4960-A6E8-258AD8476CE5}") = "Samples.Login.apk", "Samples.Login.apk.androidproj", "{3EC60238-C7E1-3CDB-9360-9B6805524808}"
EndProject
Global
    GlobalSection(SolutionConfigurationPlatforms) = preSolution
        Debug|x86 = Debug|x86
        Profile|x86 = Profile|x86
        Release|x86 = Release|x86
    EndGlobalSection
    GlobalSection(ProjectConfigurationPlatforms) = postSolution
        {0FB1B3B9-62A3-334E-8E00-37C028B7E977}.Debug|x86.ActiveCfg = Debug|x86
        {0FB1B3B9-62A3-334E-8E00-37C028B7E977}.Debug|x86.Build.0 = Debug|x86
        {0FB1B3B9-62A3-334E-8E00-37C028B7E977}.Profile|x86.ActiveCfg = Profile|x86
        {0FB1B3B9-62A3-334E-8E00-37C028B7E977}.Profile|x86.Build.0 = Profile|x86
        {0FB1B3B9-62A3-334E-8E00-37C028B7E977}.Release|x86.ActiveCfg = Release|x86
        {0FB1B3B9-62A3-334E-8E00-37C028B7E977}.Release|x86.Build.0 = Release|x86
        {3EC60238-C7E1-3CDB-9360-9B6805524808}.Debug|x86.ActiveCfg = Debug|x86
        {3EC60238-C7E1-3CDB-9360-9B6805524808}.Debug|x86.Build.0 = Debug|x86
        {3EC60238-C7E1-3CDB-9360-9B6805524808}.Debug|x86.Deploy.0 = Debug|x86
        {3EC60238-C7E1-3CDB-9360-9B6805524808}.Profile|x86.ActiveCfg = Profile|x86
        {3EC60238-C7E1-3CDB-9360-9B6805524808}.Profile|x86.Build.0 = Profile|x86
        {3EC60238-C7E1-3CDB-9360-9B6805524808}.Profile|x86.Deploy.0 = Profile|x86
        {3EC60238-C7E1-3CDB-9360-9B6805524808}.Release|x86.ActiveCfg = Release|x86
        {3EC60238-C7E1-3CDB-9360-9B6805524808}.Release|x86.Build.0 = Release|x86
        {3EC60238-C7E1-3CDB-9360-9B6805524808}.Release|x86.Deploy.0 = Release|x86
    EndGlobalSection
    GlobalSection(SolutionProperties) = preSolution
        HideSolutionNode = FALSE
    EndGlobalSection
EndGlobal
