// !$*UTF8*$!
{
    archiveVersion = 1;
    classes = {};
    objectVersion = 46;
    objects = {

/* Begin PBXBuildFile section */
        3877875D683A4F27868C3EEC = {isa = PBXBuildFile; fileRef = 1EF8F4F6B6AE40EB83AB9BC1 /* App.xaml */; };
        6DB699E8BD9D4317891CFB2D = {isa = PBXBuildFile; fileRef = FF2E5CE25B2F44ECADB1C7E5 /* MainWindow.xaml */; };
        DF55A028B4484644AFA141A8 = {isa = PBXBuildFile; fileRef = FB6F62F73E2846C6A09EADD7 /* ColorSelector.xaml */; };
        D994C3657A954F5AA7B055E9 = {isa = PBXBuildFile; fileRef = BEA6806086A8430E8C590EE1 /* Resources.xaml */; };
        E2A069D3AD6440E7B2C8B0BA = {isa = PBXBuildFile; fileRef = 542752A6A94D4EE3857ACE38 /* WeblySleek_UI_Normal.ttf */; };
        97BF4EB8367B4D1CAA5AFC46 = {isa = PBXBuildFile; fileRef = 251BB34E4D284AF586756C92 /* Main.cpp */; };
        CCC1E1EB03194B60B7F5E97B = {isa = PBXBuildFile; fileRef = 8DA8C51C50F346808C58246F /* AppKit.framework */; };
        9AFA792FE2C9401CAB4154EC = {isa = PBXBuildFile; fileRef = 783B214BB97E4A018B8C26AA /* Noesis.dylib */; };
        AF4E0EC0603B462DAA852C45 = {isa = PBXBuildFile; fileRef = E753D59FFAB543BE99D8C15A /* NoesisApp.dylib */; };
/* End PBXBuildFile section */

/* Begin PBXFileReference section */
        DDFCBD2EB98641138F35CC51 /* Samples.BlendTutorial.app */ = {isa = PBXFileReference; explicitFileType = wrapper.application; includeInIndex = 0; path = Samples.BlendTutorial.app; sourceTree = BUILT_PRODUCTS_DIR; };
        8DA8C51C50F346808C58246F /* AppKit.framework */ = {isa = PBXFileReference; explicitFileType = wrapper.framework; name = "AppKit.framework"; path = "System/Library/Frameworks/AppKit.framework"; sourceTree = SDKROOT; };
        783B214BB97E4A018B8C26AA /* Noesis.dylib */ = {isa = PBXFileReference; explicitFileType = archive.ar; name = "Noesis.dylib"; path = "../../../../../../Bin/osx/Noesis.dylib"; sourceTree = SOURCE_ROOT; };
        E753D59FFAB543BE99D8C15A /* NoesisApp.dylib */ = {isa = PBXFileReference; explicitFileType = archive.ar; name = "NoesisApp.dylib"; path = "../../../../../../Bin/osx/NoesisApp.dylib"; sourceTree = SOURCE_ROOT; };
        971FF18B5681474CA787704E /* Common.xcconfig */ = {isa = PBXFileReference; explicitFileType = text.xcconfig; name = "Common.xcconfig"; path = "../../../../../../Config/Common.xcconfig"; sourceTree = SOURCE_ROOT; };
        57AAF50DE22F443BA28F8A48 /* Release.xcconfig */ = {isa = PBXFileReference; explicitFileType = text.xcconfig; name = "Release.xcconfig"; path = "../../../../../../Config/Release/Release.xcconfig"; sourceTree = SOURCE_ROOT; };
        60A944224AE64204BF94645A /* Profile.xcconfig */ = {isa = PBXFileReference; explicitFileType = text.xcconfig; name = "Profile.xcconfig"; path = "../../../../../../Config/Profile/Profile.xcconfig"; sourceTree = SOURCE_ROOT; };
        8415D09F274E495DB1A7ECC8 /* Debug.xcconfig */ = {isa = PBXFileReference; explicitFileType = text.xcconfig; name = "Debug.xcconfig"; path = "../../../../../../Config/Debug/Debug.xcconfig"; sourceTree = SOURCE_ROOT; };
        251BB34E4D284AF586756C92 /* Main.cpp */ = {isa = PBXFileReference; explicitFileType = sourcecode.cpp.cpp; name = "Main.cpp"; path = "../../Src/Main.cpp"; sourceTree = SOURCE_ROOT; };
        1EF8F4F6B6AE40EB83AB9BC1 /* App.xaml */ = {isa = PBXFileReference; lastKnownFileType = file; name = "App.xaml"; path = "../../Data/App.xaml"; sourceTree = SOURCE_ROOT; };
        FF2E5CE25B2F44ECADB1C7E5 /* MainWindow.xaml */ = {isa = PBXFileReference; lastKnownFileType = file; name = "MainWindow.xaml"; path = "../../Data/MainWindow.xaml"; sourceTree = SOURCE_ROOT; };
        FB6F62F73E2846C6A09EADD7 /* ColorSelector.xaml */ = {isa = PBXFileReference; lastKnownFileType = file; name = "ColorSelector.xaml"; path = "../../Data/ColorSelector.xaml"; sourceTree = SOURCE_ROOT; };
        BEA6806086A8430E8C590EE1 /* Resources.xaml */ = {isa = PBXFileReference; lastKnownFileType = file; name = "Resources.xaml"; path = "../../Data/Resources.xaml"; sourceTree = SOURCE_ROOT; };
        542752A6A94D4EE3857ACE38 /* WeblySleek_UI_Normal.ttf */ = {isa = PBXFileReference; lastKnownFileType = file; name = "WeblySleek_UI_Normal.ttf"; path = "../../Data/Fonts/WeblySleek_UI_Normal.ttf"; sourceTree = SOURCE_ROOT; };
/* End PBXFileReference section */

/* Begin PBXGroup section */
        E25FAA722DFF43E9B21B593A = {
            isa = PBXGroup;
            children = (
                251BB34E4D284AF586756C92,
            );
            name = Src;
            sourceTree = "<group>";
        };
        5E384BBD024F451E9873C387 = {
            isa = PBXGroup;
            children = (
                1EF8F4F6B6AE40EB83AB9BC1,
                FF2E5CE25B2F44ECADB1C7E5,
                FB6F62F73E2846C6A09EADD7,
                BEA6806086A8430E8C590EE1,
                542752A6A94D4EE3857ACE38,
            );
            name = Data;
            sourceTree = "<group>";
        };
        5C891BF093A34DA483FCA681 = {
            isa = PBXGroup;
            children = (
                57AAF50DE22F443BA28F8A48,
                60A944224AE64204BF94645A,
                971FF18B5681474CA787704E,
                8415D09F274E495DB1A7ECC8,
            );
            name = Config;
            sourceTree = "<group>";
        };
        5E993906B8464CEE84AA96F2 = {
            isa = PBXGroup;
            children = (
                DDFCBD2EB98641138F35CC51,
            );
            name = Products;
            sourceTree = "<group>";
        };
        8FE1D495D5CE41D3810AFE69 = {
            isa = PBXGroup;
            children = (
                8DA8C51C50F346808C58246F,
                783B214BB97E4A018B8C26AA,
                E753D59FFAB543BE99D8C15A,
            );
            name = Dependencies;
            sourceTree = "<group>";
        };
        2FB842F16B1D4B589D055D50 = {
            isa = PBXGroup;
            children = (
                E25FAA722DFF43E9B21B593A,
                5E384BBD024F451E9873C387,
                5C891BF093A34DA483FCA681,
                5E993906B8464CEE84AA96F2,
                8FE1D495D5CE41D3810AFE69,
                CEC5579362534AF783A6A23D,
            );
            sourceTree = "<group>";
        };
/* End PBXGroup section */

/* Begin PBXSourcesBuildPhase section */
        7FE2F30515BA4B198DB6677E = {
            isa = PBXSourcesBuildPhase;
            buildActionMask = 2147483647;
            files = (
                3877875D683A4F27868C3EEC,
                6DB699E8BD9D4317891CFB2D,
                DF55A028B4484644AFA141A8,
                D994C3657A954F5AA7B055E9,
                E2A069D3AD6440E7B2C8B0BA,
                97BF4EB8367B4D1CAA5AFC46,
            );
            runOnlyForDeploymentPostprocessing = 0;
        };
/* End PBXSourcesBuildPhase section */

/* Begin PBXBuildRule section */
        1D8E6A92CA0C43CEAFD4D39A = {
            isa = PBXBuildRule;
            compilerSpec = com.apple.compilers.proxy.script;
            filePatterns = "*.xaml *.xaml *.xaml *.xaml *.ttf";
            fileType = pattern.proxy;
            isEditable = 0;
            outputFiles = (
                "${DERIVED_FILE_DIR}/${INPUT_FILE_NAME}.bin.h"
            );
            script = "../../../../../Tools/Bin2h/bin2h.py \"${INPUT_FILE_PATH}\" > \"${DERIVED_SOURCES_DIR}/${INPUT_FILE_NAME}.bin.h\"";
        };
/* End PBXBuildRule section */

/* Begin PBXFrameworksBuildPhase section */
        F6AC239AB48D4AD3AE3161DB = {
            isa = PBXFrameworksBuildPhase;
            buildActionMask = 2147483647;
            files = (
                CCC1E1EB03194B60B7F5E97B,
                9AFA792FE2C9401CAB4154EC,
                AF4E0EC0603B462DAA852C45,
            );
            runOnlyForDeploymentPostprocessing = 0;
        };
/* End PBXFrameworksBuildPhase section */

/* Begin PBXResourcesBuildPhase section */
        5D5FC00BDDE742129B17070F = {
            isa = PBXResourcesBuildPhase;
            buildActionMask = 2147483647;
            files = (
            );
            runOnlyForDeploymentPostprocessing = 0;
        };
/* End PBXResourcesBuildPhase section */

/* Begin PBXNativeTarget section */
        0C2B0DA9DA844E1395B9CA06 = {
            isa = PBXNativeTarget;
            buildConfigurationList = F518AE9FCC8D44C3967E17CC;
            buildPhases = (
                7FE2F30515BA4B198DB6677E,
                F6AC239AB48D4AD3AE3161DB,
                5D5FC00BDDE742129B17070F,
            );
            buildRules = (
                1D8E6A92CA0C43CEAFD4D39A,
            );
            dependencies = ();
            name = Samples.BlendTutorial;
            productName = Samples.BlendTutorial;
            productReference = DDFCBD2EB98641138F35CC51;
            productType = "com.apple.product-type.application";
        };
/* End PBXNativeTarget section */

/* Begin PBXProject section */
        CF981FFC26EE41E092CD0262 = {
            isa = PBXProject;
            attributes = {};
            buildConfigurationList = 6166177759B44D2E8AD9CEE4;
            compatibilityVersion = "Xcode 3.2";
            developmentRegion = English;
            hasScannedForEncodings = 0;
            knownRegions = (en,);
            mainGroup = 2FB842F16B1D4B589D055D50;
            productRefGroup = 5E993906B8464CEE84AA96F2;
            projectDirPath = "";
            projectRoot = "";
            targets = (0C2B0DA9DA844E1395B9CA06,);
        };
/* End PBXProject section */

/* Begin XCBuildConfiguration section */
        61D206DA469A45E99F6D7DD8 = {
            isa = XCBuildConfiguration;
            baseConfigurationReference = 57AAF50DE22F443BA28F8A48;
            buildSettings = {
                SDKROOT = macosx;
                ARCHS = "$(ARCHS_STANDARD_32_64_BIT)";
                HEADER_SEARCH_PATHS = (../../../../Core/NSTL/Include,../../../../Samples/BlendTutorial/Include,../../../../Math/VectorMath/Include,../../../../Gui/DependencySystem/Include,../../../../../../3rdParty/EASTL/local/include,../../../../Drawing/Types/Include,../../../../Math/Utils/Include,../../../../App/Display/Include,../../../../App/Launcher/Include,../../../../Gui/CachedFontProvider/Include,../../../../Gui/Core/Include,../../../../../../Include,../../../../App/ApplicationLauncher/Include,../../../../Gui/Providers/Include,../../../../App/DisplayLauncher/Include,../../../../Core/Kernel/Include,../../../../Core/Nullable/Include);
                GCC_PREPROCESSOR_DEFINITIONS = ("NS_BUILD","NS_CONFIG=Release","NS_VERSION=2.1.0f1","NS_APP_FRAMEWORK","NS_RELEASE_CFG","NS_ASSERTS_ENABLED=0","NS_INSTRUMENTED_ENABLED=0","NS_MINIMUM_LOG_LEVEL=2","$(inherited)");
                LIBRARY_SEARCH_PATHS = ();
                OTHER_LDFLAGS = ();
                GCC_PRECOMPILE_PREFIX_HEADER = YES;
                GCC_PREFIX_HEADER = pch.h;
                STRIP_STYLE = all;
                CONFIGURATION_BUILD_DIR = "$(PROJECT_DIR)/../../../../../../Bin/osx";
                CONFIGURATION_TEMP_DIR = "$(PROJECT_DIR)/build/$(CONFIGURATION)";
                USE_HEADERMAP = NO;
            };
            name = Release;
        };
        0D0CBB399A8C4E71AD9FFCA5 = {
            isa = XCBuildConfiguration;
            buildSettings = {
                PRODUCT_BUNDLE_IDENTIFIER = "Noesis.${PRODUCT_NAME:rfc1034identifier}";
                PRODUCT_NAME = "$(TARGET_NAME)";
                CURRENT_PROJECT_VERSION = 2.1.0;
                DYLIB_COMPATIBILITY_VERSION = "$(CURRENT_PROJECT_VERSION)";
                DYLIB_CURRENT_VERSION = "$(CURRENT_PROJECT_VERSION)";
                GCC_INPUT_FILETYPE = "sourcecode.cpp.objcpp";
                INFOPLIST_FILE = "$(PROJECT_DIR)/../../Resources/macOS/info.plist";
                LD_RUNPATH_SEARCH_PATHS = "@executable_path/../../../";
            };
            name = Release;
        };
        21E86304888145E0B672B99B = {
            isa = XCBuildConfiguration;
            baseConfigurationReference = 60A944224AE64204BF94645A;
            buildSettings = {
                SDKROOT = macosx;
                ARCHS = "$(ARCHS_STANDARD_32_64_BIT)";
                HEADER_SEARCH_PATHS = (../../../../Core/NSTL/Include,../../../../Samples/BlendTutorial/Include,../../../../Math/VectorMath/Include,../../../../Gui/DependencySystem/Include,../../../../../../3rdParty/EASTL/local/include,../../../../Drawing/Types/Include,../../../../Math/Utils/Include,../../../../App/Display/Include,../../../../App/Launcher/Include,../../../../Gui/CachedFontProvider/Include,../../../../Gui/Core/Include,../../../../../../Include,../../../../App/ApplicationLauncher/Include,../../../../Gui/Providers/Include,../../../../App/DisplayLauncher/Include,../../../../Core/Kernel/Include,../../../../Core/Nullable/Include);
                GCC_PREPROCESSOR_DEFINITIONS = ("NS_BUILD","NS_CONFIG=Profile","NS_VERSION=2.1.0f1","NS_APP_FRAMEWORK","NS_PROFILE_CFG","NS_ASSERTS_ENABLED=0","NS_INSTRUMENTED_ENABLED=1","NS_MINIMUM_LOG_LEVEL=2","$(inherited)");
                LIBRARY_SEARCH_PATHS = ();
                OTHER_LDFLAGS = ();
                GCC_PRECOMPILE_PREFIX_HEADER = YES;
                GCC_PREFIX_HEADER = pch.h;
                STRIP_STYLE = all;
                CONFIGURATION_BUILD_DIR = "$(PROJECT_DIR)/../../../../../../Bin/osx";
                CONFIGURATION_TEMP_DIR = "$(PROJECT_DIR)/build/$(CONFIGURATION)";
                USE_HEADERMAP = NO;
            };
            name = Profile;
        };
        1BFF60CD308144358480C57E = {
            isa = XCBuildConfiguration;
            buildSettings = {
                PRODUCT_BUNDLE_IDENTIFIER = "Noesis.${PRODUCT_NAME:rfc1034identifier}";
                PRODUCT_NAME = "$(TARGET_NAME)";
                CURRENT_PROJECT_VERSION = 2.1.0;
                DYLIB_COMPATIBILITY_VERSION = "$(CURRENT_PROJECT_VERSION)";
                DYLIB_CURRENT_VERSION = "$(CURRENT_PROJECT_VERSION)";
                GCC_INPUT_FILETYPE = "sourcecode.cpp.objcpp";
                INFOPLIST_FILE = "$(PROJECT_DIR)/../../Resources/macOS/info.plist";
                LD_RUNPATH_SEARCH_PATHS = "@executable_path/../../../";
            };
            name = Profile;
        };
        D3D8D6DF7B194AF0A75A2CD6 = {
            isa = XCBuildConfiguration;
            baseConfigurationReference = 8415D09F274E495DB1A7ECC8;
            buildSettings = {
                SDKROOT = macosx;
                ARCHS = "$(ARCHS_STANDARD_32_64_BIT)";
                HEADER_SEARCH_PATHS = (../../../../Core/NSTL/Include,../../../../Samples/BlendTutorial/Include,../../../../Math/VectorMath/Include,../../../../Gui/DependencySystem/Include,../../../../../../3rdParty/EASTL/local/include,../../../../Drawing/Types/Include,../../../../Math/Utils/Include,../../../../App/Display/Include,../../../../App/Launcher/Include,../../../../Gui/CachedFontProvider/Include,../../../../Gui/Core/Include,../../../../../../Include,../../../../App/ApplicationLauncher/Include,../../../../Gui/Providers/Include,../../../../App/DisplayLauncher/Include,../../../../Core/Kernel/Include,../../../../Core/Nullable/Include);
                GCC_PREPROCESSOR_DEFINITIONS = ("NS_BUILD","NS_CONFIG=Debug","NS_VERSION=2.1.0f1","NS_APP_FRAMEWORK","NS_DEBUG_CFG","NS_ASSERTS_ENABLED=1","NS_INSTRUMENTED_ENABLED=1","NS_MINIMUM_LOG_LEVEL=1","$(inherited)");
                LIBRARY_SEARCH_PATHS = ();
                OTHER_LDFLAGS = ();
                GCC_PRECOMPILE_PREFIX_HEADER = YES;
                GCC_PREFIX_HEADER = pch.h;
                STRIP_STYLE = all;
                CONFIGURATION_BUILD_DIR = "$(PROJECT_DIR)/../../../../../../Bin/osx";
                CONFIGURATION_TEMP_DIR = "$(PROJECT_DIR)/build/$(CONFIGURATION)";
                USE_HEADERMAP = NO;
            };
            name = Debug;
        };
        EE851A6135524C3388D35EF4 = {
            isa = XCBuildConfiguration;
            buildSettings = {
                PRODUCT_BUNDLE_IDENTIFIER = "Noesis.${PRODUCT_NAME:rfc1034identifier}";
                PRODUCT_NAME = "$(TARGET_NAME)";
                CURRENT_PROJECT_VERSION = 2.1.0;
                DYLIB_COMPATIBILITY_VERSION = "$(CURRENT_PROJECT_VERSION)";
                DYLIB_CURRENT_VERSION = "$(CURRENT_PROJECT_VERSION)";
                GCC_INPUT_FILETYPE = "sourcecode.cpp.objcpp";
                INFOPLIST_FILE = "$(PROJECT_DIR)/../../Resources/macOS/info.plist";
                LD_RUNPATH_SEARCH_PATHS = "@executable_path/../../../";
            };
            name = Debug;
        };
/* End XCBuildConfiguration section */

/* Begin XCConfigurationList section */
        6166177759B44D2E8AD9CEE4 = {
            isa = XCConfigurationList;
            buildConfigurations = (61D206DA469A45E99F6D7DD8,21E86304888145E0B672B99B,D3D8D6DF7B194AF0A75A2CD6);
            defaultConfigurationIsVisible = 0;
            defaultConfigurationName = Release;
        };

        F518AE9FCC8D44C3967E17CC = {
            isa = XCConfigurationList;
            buildConfigurations = (0D0CBB399A8C4E71AD9FFCA5,1BFF60CD308144358480C57E,EE851A6135524C3388D35EF4);
            defaultConfigurationIsVisible = 0;
            defaultConfigurationName = Release;
        };
/* End XCConfigurationList section */
    };
    rootObject = CF981FFC26EE41E092CD0262;
}
