// !$*UTF8*$!
{
    archiveVersion = 1;
    classes = {};
    objectVersion = 46;
    objects = {

/* Begin PBXBuildFile section */
        61227C3AD9554A18BDEF7F6B = {isa = PBXBuildFile; fileRef = C73D21C226744B818271E255 /* App.xaml */; };
        F9778F1BBDA241178837313D = {isa = PBXBuildFile; fileRef = A1BEBBD58FEB41E586F43920 /* Aero Matics Regular.ttf */; };
        05BACAFD13B34E77B920E23A = {isa = PBXBuildFile; fileRef = 00B19DF1E1724F0480681A1D /* ControlResources.xaml */; };
        0487F104A6D24EA580FD606B = {isa = PBXBuildFile; fileRef = 49409FE4B5BC4679966176E4 /* LogoResources.xaml */; };
        9EDC3349CF1A441EBA85136E = {isa = PBXBuildFile; fileRef = 251D937E9E4D4D3CA80696D7 /* MainWindow.xaml */; };
        FB70590602D14AE7B87E4259 = {isa = PBXBuildFile; fileRef = 083A853B75564561A498C27E /* App.xaml.cpp */; };
        13CA32C571184480B895458C = {isa = PBXBuildFile; fileRef = 8C2B18A82E964C76AA1AA425 /* NotifyPropertyChangedBase.cpp */; };
        7C7B0422040D45F2B9072A8D = {isa = PBXBuildFile; fileRef = EB6E4522D7CB4751B1301ED3 /* ViewModel.cpp */; };
        C5E6A2936FF348CA96BEB909 = {isa = PBXBuildFile; fileRef = 6DBC175A4CB54DF3BCCB7C46 /* DelegateCommand.cpp */; };
        C3E84045217540ACA0D312D7 = {isa = PBXBuildFile; fileRef = D5090BDF027F4929A5DD438C /* ElementExtensions.cpp */; };
        191F0FA5E007449C89FFFC46 = {isa = PBXBuildFile; fileRef = 5004AE90FD454A1FA1CEF732 /* Main.cpp */; };
        E2D96441079346E0AFF81E07 = {isa = PBXBuildFile; fileRef = 288C0BCFAFD14666BC2F0432 /* MainWindow.xaml.cpp */; };
        39EECDB12A0C446498EC180D = {isa = PBXBuildFile; fileRef = 9E6C22BBDBAB4F76BF679173 /* Metal.framework */; };
        44A577B0D9C14154B06AAFB5 = {isa = PBXBuildFile; fileRef = C6893609BFB440939FC3F584 /* OpenGLES.framework */; };
        3222BEA19E7240329785646C = {isa = PBXBuildFile; fileRef = 8E3CD996BA724C49BD1BC3BB /* QuartzCore.framework */; };
        5B8AB6A6E19040BB8D87E5DB = {isa = PBXBuildFile; fileRef = 976B69240D5443AA941A52BC /* CoreFoundation.framework */; };
        DB2E3A3E5C534F5D904CA1C6 = {isa = PBXBuildFile; fileRef = D85421600AB9457A814DC890 /* UIKit.framework */; };
        2780BB8F48164BF4818FE80B = {isa = PBXBuildFile; fileRef = B334545666F043CE910BBC85 /* libNoesis.a */; };
        4958919468B44C13A11A1AEC = {isa = PBXBuildFile; fileRef = 764280ED7EF24687AD8D0998 /* libNoesisApp.a */; };
/* End PBXBuildFile section */

/* Begin PBXFileReference section */
        D2AFBCDB1D5B470F9924CECD /* Samples.Login.app */ = {isa = PBXFileReference; explicitFileType = wrapper.application; includeInIndex = 0; path = Samples.Login.app; sourceTree = BUILT_PRODUCTS_DIR; };
        9E6C22BBDBAB4F76BF679173 /* Metal.framework */ = {isa = PBXFileReference; explicitFileType = wrapper.framework; name = "Metal.framework"; path = "System/Library/Frameworks/Metal.framework"; sourceTree = SDKROOT; };
        C6893609BFB440939FC3F584 /* OpenGLES.framework */ = {isa = PBXFileReference; explicitFileType = wrapper.framework; name = "OpenGLES.framework"; path = "System/Library/Frameworks/OpenGLES.framework"; sourceTree = SDKROOT; };
        8E3CD996BA724C49BD1BC3BB /* QuartzCore.framework */ = {isa = PBXFileReference; explicitFileType = wrapper.framework; name = "QuartzCore.framework"; path = "System/Library/Frameworks/QuartzCore.framework"; sourceTree = SDKROOT; };
        976B69240D5443AA941A52BC /* CoreFoundation.framework */ = {isa = PBXFileReference; explicitFileType = wrapper.framework; name = "CoreFoundation.framework"; path = "System/Library/Frameworks/CoreFoundation.framework"; sourceTree = SDKROOT; };
        D85421600AB9457A814DC890 /* UIKit.framework */ = {isa = PBXFileReference; explicitFileType = wrapper.framework; name = "UIKit.framework"; path = "System/Library/Frameworks/UIKit.framework"; sourceTree = SDKROOT; };
        B334545666F043CE910BBC85 /* libNoesis.a */ = {isa = PBXFileReference; explicitFileType = archive.ar; name = "libNoesis.a"; path = "../../../../../../Lib/ios/libNoesis.a"; sourceTree = SOURCE_ROOT; };
        764280ED7EF24687AD8D0998 /* libNoesisApp.a */ = {isa = PBXFileReference; explicitFileType = archive.ar; name = "libNoesisApp.a"; path = "../../../../../../Lib/ios/libNoesisApp.a"; sourceTree = SOURCE_ROOT; };
        2B20E82BD87A4F60B7061CBE /* Common.xcconfig */ = {isa = PBXFileReference; explicitFileType = text.xcconfig; name = "Common.xcconfig"; path = "../../../../../../Config/Common.xcconfig"; sourceTree = SOURCE_ROOT; };
        24A9DA19A8BE4E2885C0C83C /* Release.xcconfig */ = {isa = PBXFileReference; explicitFileType = text.xcconfig; name = "Release.xcconfig"; path = "../../../../../../Config/Release/Release.xcconfig"; sourceTree = SOURCE_ROOT; };
        D763F7C636E64D3ABA3FBCBE /* Profile.xcconfig */ = {isa = PBXFileReference; explicitFileType = text.xcconfig; name = "Profile.xcconfig"; path = "../../../../../../Config/Profile/Profile.xcconfig"; sourceTree = SOURCE_ROOT; };
        FB386320CE8B4A6BA29B0C27 /* Debug.xcconfig */ = {isa = PBXFileReference; explicitFileType = text.xcconfig; name = "Debug.xcconfig"; path = "../../../../../../Config/Debug/Debug.xcconfig"; sourceTree = SOURCE_ROOT; };
        083A853B75564561A498C27E /* App.xaml.cpp */ = {isa = PBXFileReference; explicitFileType = sourcecode.cpp.cpp; name = "App.xaml.cpp"; path = "../../Src/App.xaml.cpp"; sourceTree = SOURCE_ROOT; };
        BA594A6A6049421EBA7F4145 /* App.xaml.h */ = {isa = PBXFileReference; explicitFileType = sourcecode.c.h; name = "App.xaml.h"; path = "../../Src/App.xaml.h"; sourceTree = SOURCE_ROOT; };
        8C2B18A82E964C76AA1AA425 /* NotifyPropertyChangedBase.cpp */ = {isa = PBXFileReference; explicitFileType = sourcecode.cpp.cpp; name = "NotifyPropertyChangedBase.cpp"; path = "../../Src/NotifyPropertyChangedBase.cpp"; sourceTree = SOURCE_ROOT; };
        51BCD99E622C4B9384014C93 /* ViewModel.h */ = {isa = PBXFileReference; explicitFileType = sourcecode.c.h; name = "ViewModel.h"; path = "../../Src/ViewModel.h"; sourceTree = SOURCE_ROOT; };
        D7AB8921BA6946D19E886E60 /* NotifyPropertyChangedBase.h */ = {isa = PBXFileReference; explicitFileType = sourcecode.c.h; name = "NotifyPropertyChangedBase.h"; path = "../../Src/NotifyPropertyChangedBase.h"; sourceTree = SOURCE_ROOT; };
        EB6E4522D7CB4751B1301ED3 /* ViewModel.cpp */ = {isa = PBXFileReference; explicitFileType = sourcecode.cpp.cpp; name = "ViewModel.cpp"; path = "../../Src/ViewModel.cpp"; sourceTree = SOURCE_ROOT; };
        EFEE25AC882A4A20B69D05D0 /* MainWindow.xaml.h */ = {isa = PBXFileReference; explicitFileType = sourcecode.c.h; name = "MainWindow.xaml.h"; path = "../../Src/MainWindow.xaml.h"; sourceTree = SOURCE_ROOT; };
        6DBC175A4CB54DF3BCCB7C46 /* DelegateCommand.cpp */ = {isa = PBXFileReference; explicitFileType = sourcecode.cpp.cpp; name = "DelegateCommand.cpp"; path = "../../Src/DelegateCommand.cpp"; sourceTree = SOURCE_ROOT; };
        D5090BDF027F4929A5DD438C /* ElementExtensions.cpp */ = {isa = PBXFileReference; explicitFileType = sourcecode.cpp.cpp; name = "ElementExtensions.cpp"; path = "../../Src/ElementExtensions.cpp"; sourceTree = SOURCE_ROOT; };
        88A81152030144059866F7E5 /* ElementExtensions.h */ = {isa = PBXFileReference; explicitFileType = sourcecode.c.h; name = "ElementExtensions.h"; path = "../../Src/ElementExtensions.h"; sourceTree = SOURCE_ROOT; };
        C0FC075866C4416AB4C6E300 /* DelegateCommand.h */ = {isa = PBXFileReference; explicitFileType = sourcecode.c.h; name = "DelegateCommand.h"; path = "../../Src/DelegateCommand.h"; sourceTree = SOURCE_ROOT; };
        5004AE90FD454A1FA1CEF732 /* Main.cpp */ = {isa = PBXFileReference; explicitFileType = sourcecode.cpp.cpp; name = "Main.cpp"; path = "../../Src/Main.cpp"; sourceTree = SOURCE_ROOT; };
        288C0BCFAFD14666BC2F0432 /* MainWindow.xaml.cpp */ = {isa = PBXFileReference; explicitFileType = sourcecode.cpp.cpp; name = "MainWindow.xaml.cpp"; path = "../../Src/MainWindow.xaml.cpp"; sourceTree = SOURCE_ROOT; };
        C73D21C226744B818271E255 /* App.xaml */ = {isa = PBXFileReference; lastKnownFileType = file; name = "App.xaml"; path = "../../Data/App.xaml"; sourceTree = SOURCE_ROOT; };
        A1BEBBD58FEB41E586F43920 /* Aero Matics Regular.ttf */ = {isa = PBXFileReference; lastKnownFileType = file; name = "Aero Matics Regular.ttf"; path = "../../Data/Aero Matics Regular.ttf"; sourceTree = SOURCE_ROOT; };
        00B19DF1E1724F0480681A1D /* ControlResources.xaml */ = {isa = PBXFileReference; lastKnownFileType = file; name = "ControlResources.xaml"; path = "../../Data/ControlResources.xaml"; sourceTree = SOURCE_ROOT; };
        49409FE4B5BC4679966176E4 /* LogoResources.xaml */ = {isa = PBXFileReference; lastKnownFileType = file; name = "LogoResources.xaml"; path = "../../Data/LogoResources.xaml"; sourceTree = SOURCE_ROOT; };
        251D937E9E4D4D3CA80696D7 /* MainWindow.xaml */ = {isa = PBXFileReference; lastKnownFileType = file; name = "MainWindow.xaml"; path = "../../Data/MainWindow.xaml"; sourceTree = SOURCE_ROOT; };
/* End PBXFileReference section */

/* Begin PBXGroup section */
        32D67E6BA01041B48B5A7D76 = {
            isa = PBXGroup;
            children = (
                083A853B75564561A498C27E,
                BA594A6A6049421EBA7F4145,
                8C2B18A82E964C76AA1AA425,
                51BCD99E622C4B9384014C93,
                D7AB8921BA6946D19E886E60,
                EB6E4522D7CB4751B1301ED3,
                EFEE25AC882A4A20B69D05D0,
                6DBC175A4CB54DF3BCCB7C46,
                D5090BDF027F4929A5DD438C,
                88A81152030144059866F7E5,
                C0FC075866C4416AB4C6E300,
                5004AE90FD454A1FA1CEF732,
                288C0BCFAFD14666BC2F0432,
            );
            name = Src;
            sourceTree = "<group>";
        };
        9358C29A76C1461BBF554476 = {
            isa = PBXGroup;
            children = (
                C73D21C226744B818271E255,
                A1BEBBD58FEB41E586F43920,
                00B19DF1E1724F0480681A1D,
                49409FE4B5BC4679966176E4,
                251D937E9E4D4D3CA80696D7,
            );
            name = Data;
            sourceTree = "<group>";
        };
        0DA2C70894794E7A975C70E2 = {
            isa = PBXGroup;
            children = (
                24A9DA19A8BE4E2885C0C83C,
                D763F7C636E64D3ABA3FBCBE,
                2B20E82BD87A4F60B7061CBE,
                FB386320CE8B4A6BA29B0C27,
            );
            name = Config;
            sourceTree = "<group>";
        };
        7F29F5A468D346E0A653B45F = {
            isa = PBXGroup;
            children = (
                D2AFBCDB1D5B470F9924CECD,
            );
            name = Products;
            sourceTree = "<group>";
        };
        FBAC85479A8A4699B2FAD63A = {
            isa = PBXGroup;
            children = (
                9E6C22BBDBAB4F76BF679173,
                C6893609BFB440939FC3F584,
                8E3CD996BA724C49BD1BC3BB,
                976B69240D5443AA941A52BC,
                D85421600AB9457A814DC890,
                B334545666F043CE910BBC85,
                764280ED7EF24687AD8D0998,
            );
            name = Dependencies;
            sourceTree = "<group>";
        };
        02A9F43644664C01A36B15BE = {
            isa = PBXGroup;
            children = (
                32D67E6BA01041B48B5A7D76,
                9358C29A76C1461BBF554476,
                0DA2C70894794E7A975C70E2,
                7F29F5A468D346E0A653B45F,
                FBAC85479A8A4699B2FAD63A,
                82BB11E9CE08411F8900814C,
            );
            sourceTree = "<group>";
        };
/* End PBXGroup section */

/* Begin PBXSourcesBuildPhase section */
        BC6BEB9628404945B3053258 = {
            isa = PBXSourcesBuildPhase;
            buildActionMask = 2147483647;
            files = (
                61227C3AD9554A18BDEF7F6B,
                F9778F1BBDA241178837313D,
                05BACAFD13B34E77B920E23A,
                0487F104A6D24EA580FD606B,
                9EDC3349CF1A441EBA85136E,
                FB70590602D14AE7B87E4259,
                13CA32C571184480B895458C,
                7C7B0422040D45F2B9072A8D,
                C5E6A2936FF348CA96BEB909,
                C3E84045217540ACA0D312D7,
                191F0FA5E007449C89FFFC46,
                E2D96441079346E0AFF81E07,
            );
            runOnlyForDeploymentPostprocessing = 0;
        };
/* End PBXSourcesBuildPhase section */

/* Begin PBXBuildRule section */
        E7410BE7132141BD9518FEF1 = {
            isa = PBXBuildRule;
            compilerSpec = com.apple.compilers.proxy.script;
            filePatterns = "*.xaml *.ttf *.xaml *.xaml *.xaml";
            fileType = pattern.proxy;
            isEditable = 0;
            outputFiles = (
                "${DERIVED_FILE_DIR}/${INPUT_FILE_NAME}.bin.h"
            );
            script = "../../../../../Tools/Bin2h/bin2h.py \"${INPUT_FILE_PATH}\" > \"${DERIVED_SOURCES_DIR}/${INPUT_FILE_NAME}.bin.h\"";
        };
/* End PBXBuildRule section */

/* Begin PBXFrameworksBuildPhase section */
        6786D4AF0C204F4C8F4B1A9A = {
            isa = PBXFrameworksBuildPhase;
            buildActionMask = 2147483647;
            files = (
                39EECDB12A0C446498EC180D,
                44A577B0D9C14154B06AAFB5,
                3222BEA19E7240329785646C,
                5B8AB6A6E19040BB8D87E5DB,
                DB2E3A3E5C534F5D904CA1C6,
                2780BB8F48164BF4818FE80B,
                4958919468B44C13A11A1AEC,
            );
            runOnlyForDeploymentPostprocessing = 0;
        };
/* End PBXFrameworksBuildPhase section */

/* Begin PBXResourcesBuildPhase section */
        EA3F4D88CE1247DCB125D36E = {
            isa = PBXResourcesBuildPhase;
            buildActionMask = 2147483647;
            files = (
            );
            runOnlyForDeploymentPostprocessing = 0;
        };
/* End PBXResourcesBuildPhase section */

/* Begin PBXNativeTarget section */
        A27AA08A2C4D4634A9B84057 = {
            isa = PBXNativeTarget;
            buildConfigurationList = 734C347BA2E247F9967D9646;
            buildPhases = (
                BC6BEB9628404945B3053258,
                6786D4AF0C204F4C8F4B1A9A,
                EA3F4D88CE1247DCB125D36E,
            );
            buildRules = (
                E7410BE7132141BD9518FEF1,
            );
            dependencies = ();
            name = Samples.Login;
            productName = Samples.Login;
            productReference = D2AFBCDB1D5B470F9924CECD;
            productType = "com.apple.product-type.application";
        };
/* End PBXNativeTarget section */

/* Begin PBXProject section */
        FC4B97350E1740D196EEA6D0 = {
            isa = PBXProject;
            attributes = {};
            buildConfigurationList = 13A67C2112C54C1CB0BA6E65;
            compatibilityVersion = "Xcode 3.2";
            developmentRegion = English;
            hasScannedForEncodings = 0;
            knownRegions = (en,);
            mainGroup = 02A9F43644664C01A36B15BE;
            productRefGroup = 7F29F5A468D346E0A653B45F;
            projectDirPath = "";
            projectRoot = "";
            targets = (A27AA08A2C4D4634A9B84057,);
        };
/* End PBXProject section */

/* Begin XCBuildConfiguration section */
        CD70B8A2407447A4BE80C668 = {
            isa = XCBuildConfiguration;
            baseConfigurationReference = 24A9DA19A8BE4E2885C0C83C;
            buildSettings = {
                SDKROOT = iphoneos;
                ARCHS = "$(ARCHS_STANDARD)";
                HEADER_SEARCH_PATHS = (../../../../Core/NSTL/Include,../../../../Samples/Login/Include,../../../../App/ApplicationLauncher/Include,../../../../../../3rdParty/EASTL/local/include,../../../../Drawing/Types/Include,../../../../Math/Utils/Include,../../../../App/Display/Include,../../../../App/Launcher/Include,../../../../Core/Nullable/Include,../../../../App/DisplayLauncher/Include,../../../../../../Include,../../../../Math/VectorMath/Include,../../../../Gui/Providers/Include,../../../../Gui/Core/Include,../../../../Core/Kernel/Include,../../../../Gui/CachedFontProvider/Include,../../../../Gui/DependencySystem/Include);
                GCC_PREPROCESSOR_DEFINITIONS = ("NS_BUILD","NS_CONFIG=Release","NS_VERSION=2.1.0f1","NS_APP_FRAMEWORK","NS_STATIC_LIBRARY","NS_RELEASE_CFG","NS_ASSERTS_ENABLED=0","NS_INSTRUMENTED_ENABLED=0","NS_MINIMUM_LOG_LEVEL=2","HAVE_GLES2_GL2_H","$(inherited)");
                LIBRARY_SEARCH_PATHS = (../../../../../../Lib/ios);
                OTHER_LDFLAGS = ();
                GCC_PRECOMPILE_PREFIX_HEADER = YES;
                GCC_PREFIX_HEADER = pch.h;
                STRIP_STYLE = all;
                CONFIGURATION_BUILD_DIR = "$(PROJECT_DIR)/../../../../../../Bin/ios";
                CONFIGURATION_TEMP_DIR = "$(PROJECT_DIR)/build/$(CONFIGURATION)";
                USE_HEADERMAP = NO;
            };
            name = Release;
        };
        E8F120D0D7B542F79DEB13A2 = {
            isa = XCBuildConfiguration;
            buildSettings = {
                PRODUCT_BUNDLE_IDENTIFIER = "Noesis.${PRODUCT_NAME:rfc1034identifier}";
                PRODUCT_NAME = "$(TARGET_NAME)";
                CURRENT_PROJECT_VERSION = 2.1.0;
                DYLIB_COMPATIBILITY_VERSION = "$(CURRENT_PROJECT_VERSION)";
                DYLIB_CURRENT_VERSION = "$(CURRENT_PROJECT_VERSION)";
                GCC_INPUT_FILETYPE = "sourcecode.cpp.objcpp";
                INFOPLIST_FILE = "$(PROJECT_DIR)/../../Resources/iOS/info.plist";
                TARGETED_DEVICE_FAMILY = "1,2";
            };
            name = Release;
        };
        C07DE0211E174F2581D5C108 = {
            isa = XCBuildConfiguration;
            baseConfigurationReference = D763F7C636E64D3ABA3FBCBE;
            buildSettings = {
                SDKROOT = iphoneos;
                ARCHS = "$(ARCHS_STANDARD)";
                HEADER_SEARCH_PATHS = (../../../../Core/NSTL/Include,../../../../Samples/Login/Include,../../../../App/ApplicationLauncher/Include,../../../../../../3rdParty/EASTL/local/include,../../../../Drawing/Types/Include,../../../../Math/Utils/Include,../../../../App/Display/Include,../../../../App/Launcher/Include,../../../../Core/Nullable/Include,../../../../App/DisplayLauncher/Include,../../../../../../Include,../../../../Math/VectorMath/Include,../../../../Gui/Providers/Include,../../../../Gui/Core/Include,../../../../Core/Kernel/Include,../../../../Gui/CachedFontProvider/Include,../../../../Gui/DependencySystem/Include);
                GCC_PREPROCESSOR_DEFINITIONS = ("NS_BUILD","NS_CONFIG=Profile","NS_VERSION=2.1.0f1","NS_APP_FRAMEWORK","NS_STATIC_LIBRARY","NS_PROFILE_CFG","NS_ASSERTS_ENABLED=0","NS_INSTRUMENTED_ENABLED=1","NS_MINIMUM_LOG_LEVEL=2","HAVE_GLES2_GL2_H","$(inherited)");
                LIBRARY_SEARCH_PATHS = (../../../../../../Lib/ios);
                OTHER_LDFLAGS = ();
                GCC_PRECOMPILE_PREFIX_HEADER = YES;
                GCC_PREFIX_HEADER = pch.h;
                STRIP_STYLE = all;
                CONFIGURATION_BUILD_DIR = "$(PROJECT_DIR)/../../../../../../Bin/ios";
                CONFIGURATION_TEMP_DIR = "$(PROJECT_DIR)/build/$(CONFIGURATION)";
                USE_HEADERMAP = NO;
            };
            name = Profile;
        };
        69D2323D95624130A6CA6E5F = {
            isa = XCBuildConfiguration;
            buildSettings = {
                PRODUCT_BUNDLE_IDENTIFIER = "Noesis.${PRODUCT_NAME:rfc1034identifier}";
                PRODUCT_NAME = "$(TARGET_NAME)";
                CURRENT_PROJECT_VERSION = 2.1.0;
                DYLIB_COMPATIBILITY_VERSION = "$(CURRENT_PROJECT_VERSION)";
                DYLIB_CURRENT_VERSION = "$(CURRENT_PROJECT_VERSION)";
                GCC_INPUT_FILETYPE = "sourcecode.cpp.objcpp";
                INFOPLIST_FILE = "$(PROJECT_DIR)/../../Resources/iOS/info.plist";
                TARGETED_DEVICE_FAMILY = "1,2";
            };
            name = Profile;
        };
        790E8C2C8CA74DF3AB561B94 = {
            isa = XCBuildConfiguration;
            baseConfigurationReference = FB386320CE8B4A6BA29B0C27;
            buildSettings = {
                SDKROOT = iphoneos;
                ARCHS = "$(ARCHS_STANDARD)";
                HEADER_SEARCH_PATHS = (../../../../Core/NSTL/Include,../../../../Samples/Login/Include,../../../../App/ApplicationLauncher/Include,../../../../../../3rdParty/EASTL/local/include,../../../../Drawing/Types/Include,../../../../Math/Utils/Include,../../../../App/Display/Include,../../../../App/Launcher/Include,../../../../Core/Nullable/Include,../../../../App/DisplayLauncher/Include,../../../../../../Include,../../../../Math/VectorMath/Include,../../../../Gui/Providers/Include,../../../../Gui/Core/Include,../../../../Core/Kernel/Include,../../../../Gui/CachedFontProvider/Include,../../../../Gui/DependencySystem/Include);
                GCC_PREPROCESSOR_DEFINITIONS = ("NS_BUILD","NS_CONFIG=Debug","NS_VERSION=2.1.0f1","NS_APP_FRAMEWORK","NS_STATIC_LIBRARY","NS_DEBUG_CFG","NS_ASSERTS_ENABLED=1","NS_INSTRUMENTED_ENABLED=1","NS_MINIMUM_LOG_LEVEL=1","HAVE_GLES2_GL2_H","$(inherited)");
                LIBRARY_SEARCH_PATHS = (../../../../../../Lib/ios);
                OTHER_LDFLAGS = ();
                GCC_PRECOMPILE_PREFIX_HEADER = YES;
                GCC_PREFIX_HEADER = pch.h;
                STRIP_STYLE = all;
                CONFIGURATION_BUILD_DIR = "$(PROJECT_DIR)/../../../../../../Bin/ios";
                CONFIGURATION_TEMP_DIR = "$(PROJECT_DIR)/build/$(CONFIGURATION)";
                USE_HEADERMAP = NO;
            };
            name = Debug;
        };
        5403D07E51D14A6B803C4BE0 = {
            isa = XCBuildConfiguration;
            buildSettings = {
                PRODUCT_BUNDLE_IDENTIFIER = "Noesis.${PRODUCT_NAME:rfc1034identifier}";
                PRODUCT_NAME = "$(TARGET_NAME)";
                CURRENT_PROJECT_VERSION = 2.1.0;
                DYLIB_COMPATIBILITY_VERSION = "$(CURRENT_PROJECT_VERSION)";
                DYLIB_CURRENT_VERSION = "$(CURRENT_PROJECT_VERSION)";
                GCC_INPUT_FILETYPE = "sourcecode.cpp.objcpp";
                INFOPLIST_FILE = "$(PROJECT_DIR)/../../Resources/iOS/info.plist";
                TARGETED_DEVICE_FAMILY = "1,2";
            };
            name = Debug;
        };
/* End XCBuildConfiguration section */

/* Begin XCConfigurationList section */
        13A67C2112C54C1CB0BA6E65 = {
            isa = XCConfigurationList;
            buildConfigurations = (CD70B8A2407447A4BE80C668,C07DE0211E174F2581D5C108,790E8C2C8CA74DF3AB561B94);
            defaultConfigurationIsVisible = 0;
            defaultConfigurationName = Release;
        };

        734C347BA2E247F9967D9646 = {
            isa = XCConfigurationList;
            buildConfigurations = (E8F120D0D7B542F79DEB13A2,69D2323D95624130A6CA6E5F,5403D07E51D14A6B803C4BE0);
            defaultConfigurationIsVisible = 0;
            defaultConfigurationName = Release;
        };
/* End XCConfigurationList section */
    };
    rootObject = FC4B97350E1740D196EEA6D0;
}
