// !$*UTF8*$!
{
    archiveVersion = 1;
    classes = {};
    objectVersion = 46;
    objects = {

/* Begin PBXBuildFile section */
        CDC78B1642E1459D99E9733A = {isa = PBXBuildFile; fileRef = 77C3B38101294466A3E93CC8 /* App.xaml */; };
        1657CAB834494C1AA0E15292 = {isa = PBXBuildFile; fileRef = 82D46BAD207E4BD88B96D1EA /* MainWindow.xaml */; };
        46C44A7245214F6B85DB56B3 = {isa = PBXBuildFile; fileRef = EEBC7F4FE3A14F3CA3F207BF /* Main.cpp */; };
        2C886CB983FB43A6A0BA1B75 = {isa = PBXBuildFile; fileRef = EC79CCBA3AEF46E7A86A057D /* Metal.framework */; };
        EC8179EEF8964094AC020DFF = {isa = PBXBuildFile; fileRef = 57A553CE743344A49BC8FCAC /* OpenGLES.framework */; };
        AF1EE0BFFF51443B99095061 = {isa = PBXBuildFile; fileRef = AEC3EF8C770D4BF7AE3D8C23 /* QuartzCore.framework */; };
        ACB62B7BAC084ACDB744AFA3 = {isa = PBXBuildFile; fileRef = 98297348EC034B50BBED42D3 /* CoreFoundation.framework */; };
        7655DD607CEE4A15B62963DE = {isa = PBXBuildFile; fileRef = 1A31B3826E9849C487E58DCD /* UIKit.framework */; };
        20162B4FB51F4B27BB79D350 = {isa = PBXBuildFile; fileRef = 298896E8F5BB44AC9DB2901C /* libNoesis.a */; };
        9D733DD64CB3493CA53C9785 = {isa = PBXBuildFile; fileRef = CA8517EF21504B3889E30F38 /* libNoesisApp.a */; };
/* End PBXBuildFile section */

/* Begin PBXFileReference section */
        F082A55A6D8C4B3E86CE4809 /* Samples.Touch.app */ = {isa = PBXFileReference; explicitFileType = wrapper.application; includeInIndex = 0; path = Samples.Touch.app; sourceTree = BUILT_PRODUCTS_DIR; };
        EC79CCBA3AEF46E7A86A057D /* Metal.framework */ = {isa = PBXFileReference; explicitFileType = wrapper.framework; name = "Metal.framework"; path = "System/Library/Frameworks/Metal.framework"; sourceTree = SDKROOT; };
        57A553CE743344A49BC8FCAC /* OpenGLES.framework */ = {isa = PBXFileReference; explicitFileType = wrapper.framework; name = "OpenGLES.framework"; path = "System/Library/Frameworks/OpenGLES.framework"; sourceTree = SDKROOT; };
        AEC3EF8C770D4BF7AE3D8C23 /* QuartzCore.framework */ = {isa = PBXFileReference; explicitFileType = wrapper.framework; name = "QuartzCore.framework"; path = "System/Library/Frameworks/QuartzCore.framework"; sourceTree = SDKROOT; };
        98297348EC034B50BBED42D3 /* CoreFoundation.framework */ = {isa = PBXFileReference; explicitFileType = wrapper.framework; name = "CoreFoundation.framework"; path = "System/Library/Frameworks/CoreFoundation.framework"; sourceTree = SDKROOT; };
        1A31B3826E9849C487E58DCD /* UIKit.framework */ = {isa = PBXFileReference; explicitFileType = wrapper.framework; name = "UIKit.framework"; path = "System/Library/Frameworks/UIKit.framework"; sourceTree = SDKROOT; };
        298896E8F5BB44AC9DB2901C /* libNoesis.a */ = {isa = PBXFileReference; explicitFileType = archive.ar; name = "libNoesis.a"; path = "../../../../../../Lib/ios/libNoesis.a"; sourceTree = SOURCE_ROOT; };
        CA8517EF21504B3889E30F38 /* libNoesisApp.a */ = {isa = PBXFileReference; explicitFileType = archive.ar; name = "libNoesisApp.a"; path = "../../../../../../Lib/ios/libNoesisApp.a"; sourceTree = SOURCE_ROOT; };
        BFDABBAF50334217AE11F094 /* Common.xcconfig */ = {isa = PBXFileReference; explicitFileType = text.xcconfig; name = "Common.xcconfig"; path = "../../../../../../Config/Common.xcconfig"; sourceTree = SOURCE_ROOT; };
        86519F42E991400387905D3E /* Release.xcconfig */ = {isa = PBXFileReference; explicitFileType = text.xcconfig; name = "Release.xcconfig"; path = "../../../../../../Config/Release/Release.xcconfig"; sourceTree = SOURCE_ROOT; };
        DB66BE39617B4FAD91B30092 /* Profile.xcconfig */ = {isa = PBXFileReference; explicitFileType = text.xcconfig; name = "Profile.xcconfig"; path = "../../../../../../Config/Profile/Profile.xcconfig"; sourceTree = SOURCE_ROOT; };
        F2BEDC54C0D645E4B076DE91 /* Debug.xcconfig */ = {isa = PBXFileReference; explicitFileType = text.xcconfig; name = "Debug.xcconfig"; path = "../../../../../../Config/Debug/Debug.xcconfig"; sourceTree = SOURCE_ROOT; };
        EEBC7F4FE3A14F3CA3F207BF /* Main.cpp */ = {isa = PBXFileReference; explicitFileType = sourcecode.cpp.cpp; name = "Main.cpp"; path = "../../Src/Main.cpp"; sourceTree = SOURCE_ROOT; };
        77C3B38101294466A3E93CC8 /* App.xaml */ = {isa = PBXFileReference; lastKnownFileType = file; name = "App.xaml"; path = "../../Src/App.xaml"; sourceTree = SOURCE_ROOT; };
        82D46BAD207E4BD88B96D1EA /* MainWindow.xaml */ = {isa = PBXFileReference; lastKnownFileType = file; name = "MainWindow.xaml"; path = "../../Src/MainWindow.xaml"; sourceTree = SOURCE_ROOT; };
/* End PBXFileReference section */

/* Begin PBXGroup section */
        1B0FE95FDDAA422AB32CB7FB = {
            isa = PBXGroup;
            children = (
                EEBC7F4FE3A14F3CA3F207BF,
            );
            name = Src;
            sourceTree = "<group>";
        };
        67E3E373AA7A4985AE66FB0E = {
            isa = PBXGroup;
            children = (
                77C3B38101294466A3E93CC8,
                82D46BAD207E4BD88B96D1EA,
            );
            name = Data;
            sourceTree = "<group>";
        };
        9E953DC55FC04876A85615E1 = {
            isa = PBXGroup;
            children = (
                86519F42E991400387905D3E,
                DB66BE39617B4FAD91B30092,
                BFDABBAF50334217AE11F094,
                F2BEDC54C0D645E4B076DE91,
            );
            name = Config;
            sourceTree = "<group>";
        };
        DDAFC8EE7B96442A9FD44C17 = {
            isa = PBXGroup;
            children = (
                F082A55A6D8C4B3E86CE4809,
            );
            name = Products;
            sourceTree = "<group>";
        };
        03FEBFFB46554E9FA73D5A18 = {
            isa = PBXGroup;
            children = (
                EC79CCBA3AEF46E7A86A057D,
                57A553CE743344A49BC8FCAC,
                AEC3EF8C770D4BF7AE3D8C23,
                98297348EC034B50BBED42D3,
                1A31B3826E9849C487E58DCD,
                298896E8F5BB44AC9DB2901C,
                CA8517EF21504B3889E30F38,
            );
            name = Dependencies;
            sourceTree = "<group>";
        };
        86DC7E1C24A947A6832E3D21 = {
            isa = PBXGroup;
            children = (
                1B0FE95FDDAA422AB32CB7FB,
                67E3E373AA7A4985AE66FB0E,
                9E953DC55FC04876A85615E1,
                DDAFC8EE7B96442A9FD44C17,
                03FEBFFB46554E9FA73D5A18,
                C7B81633264F47619A97FD14,
            );
            sourceTree = "<group>";
        };
/* End PBXGroup section */

/* Begin PBXSourcesBuildPhase section */
        45F666D11D7D43ECB6F162E0 = {
            isa = PBXSourcesBuildPhase;
            buildActionMask = 2147483647;
            files = (
                CDC78B1642E1459D99E9733A,
                1657CAB834494C1AA0E15292,
                46C44A7245214F6B85DB56B3,
            );
            runOnlyForDeploymentPostprocessing = 0;
        };
/* End PBXSourcesBuildPhase section */

/* Begin PBXBuildRule section */
        1135A870BC184F3B8DF5331B = {
            isa = PBXBuildRule;
            compilerSpec = com.apple.compilers.proxy.script;
            filePatterns = "*.xaml *.xaml";
            fileType = pattern.proxy;
            isEditable = 0;
            outputFiles = (
                "${DERIVED_FILE_DIR}/${INPUT_FILE_NAME}.bin.h"
            );
            script = "../../../../../Tools/Bin2h/bin2h.py \"${INPUT_FILE_PATH}\" > \"${DERIVED_SOURCES_DIR}/${INPUT_FILE_NAME}.bin.h\"";
        };
/* End PBXBuildRule section */

/* Begin PBXFrameworksBuildPhase section */
        B3BF7FB272214F2E815212D1 = {
            isa = PBXFrameworksBuildPhase;
            buildActionMask = 2147483647;
            files = (
                2C886CB983FB43A6A0BA1B75,
                EC8179EEF8964094AC020DFF,
                AF1EE0BFFF51443B99095061,
                ACB62B7BAC084ACDB744AFA3,
                7655DD607CEE4A15B62963DE,
                20162B4FB51F4B27BB79D350,
                9D733DD64CB3493CA53C9785,
            );
            runOnlyForDeploymentPostprocessing = 0;
        };
/* End PBXFrameworksBuildPhase section */

/* Begin PBXResourcesBuildPhase section */
        104838D017CB4325822664C1 = {
            isa = PBXResourcesBuildPhase;
            buildActionMask = 2147483647;
            files = (
            );
            runOnlyForDeploymentPostprocessing = 0;
        };
/* End PBXResourcesBuildPhase section */

/* Begin PBXNativeTarget section */
        49FDB3956F1649F8912C102B = {
            isa = PBXNativeTarget;
            buildConfigurationList = 65B63DAEB33B483A9C880D97;
            buildPhases = (
                45F666D11D7D43ECB6F162E0,
                B3BF7FB272214F2E815212D1,
                104838D017CB4325822664C1,
            );
            buildRules = (
                1135A870BC184F3B8DF5331B,
            );
            dependencies = ();
            name = Samples.Touch;
            productName = Samples.Touch;
            productReference = F082A55A6D8C4B3E86CE4809;
            productType = "com.apple.product-type.application";
        };
/* End PBXNativeTarget section */

/* Begin PBXProject section */
        9497077A90B245CDB91BD964 = {
            isa = PBXProject;
            attributes = {};
            buildConfigurationList = 216254BC5DF6413E8B71A1A7;
            compatibilityVersion = "Xcode 3.2";
            developmentRegion = English;
            hasScannedForEncodings = 0;
            knownRegions = (en,);
            mainGroup = 86DC7E1C24A947A6832E3D21;
            productRefGroup = DDAFC8EE7B96442A9FD44C17;
            projectDirPath = "";
            projectRoot = "";
            targets = (49FDB3956F1649F8912C102B,);
        };
/* End PBXProject section */

/* Begin XCBuildConfiguration section */
        8EE0629F000B4DC7A6104265 = {
            isa = XCBuildConfiguration;
            baseConfigurationReference = 86519F42E991400387905D3E;
            buildSettings = {
                SDKROOT = iphoneos;
                ARCHS = "$(ARCHS_STANDARD)";
                HEADER_SEARCH_PATHS = (../../../../Core/NSTL/Include,../../../../Math/VectorMath/Include,../../../../Gui/DependencySystem/Include,../../../../../../3rdParty/EASTL/local/include,../../../../Drawing/Types/Include,../../../../Math/Utils/Include,../../../../App/Display/Include,../../../../App/Launcher/Include,../../../../Gui/CachedFontProvider/Include,../../../../Gui/Core/Include,../../../../../../Include,../../../../App/ApplicationLauncher/Include,../../../../Gui/Providers/Include,../../../../App/DisplayLauncher/Include,../../../../Core/Kernel/Include,../../../../Core/Nullable/Include,../../../../Samples/Touch/Include);
                GCC_PREPROCESSOR_DEFINITIONS = ("NS_BUILD","NS_CONFIG=Release","NS_VERSION=2.1.0f1","NS_APP_FRAMEWORK","NS_STATIC_LIBRARY","NS_RELEASE_CFG","NS_ASSERTS_ENABLED=0","NS_INSTRUMENTED_ENABLED=0","NS_MINIMUM_LOG_LEVEL=2","HAVE_GLES2_GL2_H","$(inherited)");
                LIBRARY_SEARCH_PATHS = (../../../../../../Lib/ios);
                OTHER_LDFLAGS = ();
                GCC_PRECOMPILE_PREFIX_HEADER = YES;
                GCC_PREFIX_HEADER = pch.h;
                STRIP_STYLE = all;
                CONFIGURATION_BUILD_DIR = "$(PROJECT_DIR)/../../../../../../Bin/ios";
                CONFIGURATION_TEMP_DIR = "$(PROJECT_DIR)/build/$(CONFIGURATION)";
                USE_HEADERMAP = NO;
            };
            name = Release;
        };
        C1678A29DE6E496DB9F8ABA2 = {
            isa = XCBuildConfiguration;
            buildSettings = {
                PRODUCT_BUNDLE_IDENTIFIER = "Noesis.${PRODUCT_NAME:rfc1034identifier}";
                PRODUCT_NAME = "$(TARGET_NAME)";
                CURRENT_PROJECT_VERSION = 2.1.0;
                DYLIB_COMPATIBILITY_VERSION = "$(CURRENT_PROJECT_VERSION)";
                DYLIB_CURRENT_VERSION = "$(CURRENT_PROJECT_VERSION)";
                GCC_INPUT_FILETYPE = "sourcecode.cpp.objcpp";
                INFOPLIST_FILE = "$(PROJECT_DIR)/../../Resources/iOS/info.plist";
                TARGETED_DEVICE_FAMILY = "1,2";
            };
            name = Release;
        };
        34CC45392BA6460FBD808E16 = {
            isa = XCBuildConfiguration;
            baseConfigurationReference = DB66BE39617B4FAD91B30092;
            buildSettings = {
                SDKROOT = iphoneos;
                ARCHS = "$(ARCHS_STANDARD)";
                HEADER_SEARCH_PATHS = (../../../../Core/NSTL/Include,../../../../Math/VectorMath/Include,../../../../Gui/DependencySystem/Include,../../../../../../3rdParty/EASTL/local/include,../../../../Drawing/Types/Include,../../../../Math/Utils/Include,../../../../App/Display/Include,../../../../App/Launcher/Include,../../../../Gui/CachedFontProvider/Include,../../../../Gui/Core/Include,../../../../../../Include,../../../../App/ApplicationLauncher/Include,../../../../Gui/Providers/Include,../../../../App/DisplayLauncher/Include,../../../../Core/Kernel/Include,../../../../Core/Nullable/Include,../../../../Samples/Touch/Include);
                GCC_PREPROCESSOR_DEFINITIONS = ("NS_BUILD","NS_CONFIG=Profile","NS_VERSION=2.1.0f1","NS_APP_FRAMEWORK","NS_STATIC_LIBRARY","NS_PROFILE_CFG","NS_ASSERTS_ENABLED=0","NS_INSTRUMENTED_ENABLED=1","NS_MINIMUM_LOG_LEVEL=2","HAVE_GLES2_GL2_H","$(inherited)");
                LIBRARY_SEARCH_PATHS = (../../../../../../Lib/ios);
                OTHER_LDFLAGS = ();
                GCC_PRECOMPILE_PREFIX_HEADER = YES;
                GCC_PREFIX_HEADER = pch.h;
                STRIP_STYLE = all;
                CONFIGURATION_BUILD_DIR = "$(PROJECT_DIR)/../../../../../../Bin/ios";
                CONFIGURATION_TEMP_DIR = "$(PROJECT_DIR)/build/$(CONFIGURATION)";
                USE_HEADERMAP = NO;
            };
            name = Profile;
        };
        218EBA4EA21E4288A1A4C092 = {
            isa = XCBuildConfiguration;
            buildSettings = {
                PRODUCT_BUNDLE_IDENTIFIER = "Noesis.${PRODUCT_NAME:rfc1034identifier}";
                PRODUCT_NAME = "$(TARGET_NAME)";
                CURRENT_PROJECT_VERSION = 2.1.0;
                DYLIB_COMPATIBILITY_VERSION = "$(CURRENT_PROJECT_VERSION)";
                DYLIB_CURRENT_VERSION = "$(CURRENT_PROJECT_VERSION)";
                GCC_INPUT_FILETYPE = "sourcecode.cpp.objcpp";
                INFOPLIST_FILE = "$(PROJECT_DIR)/../../Resources/iOS/info.plist";
                TARGETED_DEVICE_FAMILY = "1,2";
            };
            name = Profile;
        };
        58250790FF4140A4967111A4 = {
            isa = XCBuildConfiguration;
            baseConfigurationReference = F2BEDC54C0D645E4B076DE91;
            buildSettings = {
                SDKROOT = iphoneos;
                ARCHS = "$(ARCHS_STANDARD)";
                HEADER_SEARCH_PATHS = (../../../../Core/NSTL/Include,../../../../Math/VectorMath/Include,../../../../Gui/DependencySystem/Include,../../../../../../3rdParty/EASTL/local/include,../../../../Drawing/Types/Include,../../../../Math/Utils/Include,../../../../App/Display/Include,../../../../App/Launcher/Include,../../../../Gui/CachedFontProvider/Include,../../../../Gui/Core/Include,../../../../../../Include,../../../../App/ApplicationLauncher/Include,../../../../Gui/Providers/Include,../../../../App/DisplayLauncher/Include,../../../../Core/Kernel/Include,../../../../Core/Nullable/Include,../../../../Samples/Touch/Include);
                GCC_PREPROCESSOR_DEFINITIONS = ("NS_BUILD","NS_CONFIG=Debug","NS_VERSION=2.1.0f1","NS_APP_FRAMEWORK","NS_STATIC_LIBRARY","NS_DEBUG_CFG","NS_ASSERTS_ENABLED=1","NS_INSTRUMENTED_ENABLED=1","NS_MINIMUM_LOG_LEVEL=1","HAVE_GLES2_GL2_H","$(inherited)");
                LIBRARY_SEARCH_PATHS = (../../../../../../Lib/ios);
                OTHER_LDFLAGS = ();
                GCC_PRECOMPILE_PREFIX_HEADER = YES;
                GCC_PREFIX_HEADER = pch.h;
                STRIP_STYLE = all;
                CONFIGURATION_BUILD_DIR = "$(PROJECT_DIR)/../../../../../../Bin/ios";
                CONFIGURATION_TEMP_DIR = "$(PROJECT_DIR)/build/$(CONFIGURATION)";
                USE_HEADERMAP = NO;
            };
            name = Debug;
        };
        80C899F3E803476AB577B33C = {
            isa = XCBuildConfiguration;
            buildSettings = {
                PRODUCT_BUNDLE_IDENTIFIER = "Noesis.${PRODUCT_NAME:rfc1034identifier}";
                PRODUCT_NAME = "$(TARGET_NAME)";
                CURRENT_PROJECT_VERSION = 2.1.0;
                DYLIB_COMPATIBILITY_VERSION = "$(CURRENT_PROJECT_VERSION)";
                DYLIB_CURRENT_VERSION = "$(CURRENT_PROJECT_VERSION)";
                GCC_INPUT_FILETYPE = "sourcecode.cpp.objcpp";
                INFOPLIST_FILE = "$(PROJECT_DIR)/../../Resources/iOS/info.plist";
                TARGETED_DEVICE_FAMILY = "1,2";
            };
            name = Debug;
        };
/* End XCBuildConfiguration section */

/* Begin XCConfigurationList section */
        216254BC5DF6413E8B71A1A7 = {
            isa = XCConfigurationList;
            buildConfigurations = (8EE0629F000B4DC7A6104265,34CC45392BA6460FBD808E16,58250790FF4140A4967111A4);
            defaultConfigurationIsVisible = 0;
            defaultConfigurationName = Release;
        };

        65B63DAEB33B483A9C880D97 = {
            isa = XCConfigurationList;
            buildConfigurations = (C1678A29DE6E496DB9F8ABA2,218EBA4EA21E4288A1A4C092,80C899F3E803476AB577B33C);
            defaultConfigurationIsVisible = 0;
            defaultConfigurationName = Release;
        };
/* End XCConfigurationList section */
    };
    rootObject = 9497077A90B245CDB91BD964;
}
