// !$*UTF8*$!
{
    archiveVersion = 1;
    classes = {};
    objectVersion = 46;
    objects = {

/* Begin PBXBuildFile section */
        D1E88C0F5A674A2CBDC743FC = {isa = PBXBuildFile; fileRef = 6D14B334FF1345BCB2A89B51 /* App.xaml */; };
        F8076CC23A0E415CB4C7D025 = {isa = PBXBuildFile; fileRef = 55D4EC299D074DAE8A1321A1 /* Aero Matics Regular.ttf */; };
        62D9E194845D46FBBFC8FC5D = {isa = PBXBuildFile; fileRef = 2DB0B25C1CA84D0087E47228 /* ControlResources.xaml */; };
        8FA93219A52F4C289EBA94E9 = {isa = PBXBuildFile; fileRef = 38B7FD6795B2490E8B7BD35E /* LogoResources.xaml */; };
        D8A03FEFE08F4A09AD197AAB = {isa = PBXBuildFile; fileRef = 762043DC5D554DF2A4DDFE73 /* MainWindow.xaml */; };
        3092A35A958046D3AB0BFBA9 = {isa = PBXBuildFile; fileRef = 53C8AAF8CD0046D1811A954D /* App.xaml.cpp */; };
        31EF0FB05CB44E26A8F940F9 = {isa = PBXBuildFile; fileRef = 788B741DDADF475A9B4E7884 /* NotifyPropertyChangedBase.cpp */; };
        A826250F796F431D89A45C38 = {isa = PBXBuildFile; fileRef = 2D3D8DA3566B45D1A35755CF /* ViewModel.cpp */; };
        7884624772F94D47A8228296 = {isa = PBXBuildFile; fileRef = 7040541B996C487AB76D3C1B /* DelegateCommand.cpp */; };
        0D32848629974E61BAD98CDD = {isa = PBXBuildFile; fileRef = 6BC47F7398024101AB5C5621 /* ElementExtensions.cpp */; };
        B8EFB2A10DA54731B236C60A = {isa = PBXBuildFile; fileRef = 0A80E39606284771863F3DDB /* Main.cpp */; };
        AC4D7F9695B34FCC92927E6D = {isa = PBXBuildFile; fileRef = 3F510CB60A124D0A998602DA /* MainWindow.xaml.cpp */; };
        2C6D7C1C29C2466F98514948 = {isa = PBXBuildFile; fileRef = 61F1261B60144931997347E3 /* AppKit.framework */; };
        BEEE4919968149549A5F5F1F = {isa = PBXBuildFile; fileRef = 78A263342FE446BDBB8D5B8C /* Noesis.dylib */; };
        D255A0D2005D479983293E0C = {isa = PBXBuildFile; fileRef = DF22CFA5D41B4F10814621E7 /* NoesisApp.dylib */; };
/* End PBXBuildFile section */

/* Begin PBXFileReference section */
        7BF86A0868F4449D927863D8 /* Samples.Login.app */ = {isa = PBXFileReference; explicitFileType = wrapper.application; includeInIndex = 0; path = Samples.Login.app; sourceTree = BUILT_PRODUCTS_DIR; };
        61F1261B60144931997347E3 /* AppKit.framework */ = {isa = PBXFileReference; explicitFileType = wrapper.framework; name = "AppKit.framework"; path = "System/Library/Frameworks/AppKit.framework"; sourceTree = SDKROOT; };
        78A263342FE446BDBB8D5B8C /* Noesis.dylib */ = {isa = PBXFileReference; explicitFileType = archive.ar; name = "Noesis.dylib"; path = "../../../../../../Bin/osx/Noesis.dylib"; sourceTree = SOURCE_ROOT; };
        DF22CFA5D41B4F10814621E7 /* NoesisApp.dylib */ = {isa = PBXFileReference; explicitFileType = archive.ar; name = "NoesisApp.dylib"; path = "../../../../../../Bin/osx/NoesisApp.dylib"; sourceTree = SOURCE_ROOT; };
        42A27D6003B3400AB8158AB7 /* Common.xcconfig */ = {isa = PBXFileReference; explicitFileType = text.xcconfig; name = "Common.xcconfig"; path = "../../../../../../Config/Common.xcconfig"; sourceTree = SOURCE_ROOT; };
        A319890D49714AB0BB8264FD /* Release.xcconfig */ = {isa = PBXFileReference; explicitFileType = text.xcconfig; name = "Release.xcconfig"; path = "../../../../../../Config/Release/Release.xcconfig"; sourceTree = SOURCE_ROOT; };
        68F4584B9D9A4E5DB36CAE74 /* Profile.xcconfig */ = {isa = PBXFileReference; explicitFileType = text.xcconfig; name = "Profile.xcconfig"; path = "../../../../../../Config/Profile/Profile.xcconfig"; sourceTree = SOURCE_ROOT; };
        028A46C2D3D741759FC8E279 /* Debug.xcconfig */ = {isa = PBXFileReference; explicitFileType = text.xcconfig; name = "Debug.xcconfig"; path = "../../../../../../Config/Debug/Debug.xcconfig"; sourceTree = SOURCE_ROOT; };
        53C8AAF8CD0046D1811A954D /* App.xaml.cpp */ = {isa = PBXFileReference; explicitFileType = sourcecode.cpp.cpp; name = "App.xaml.cpp"; path = "../../Src/App.xaml.cpp"; sourceTree = SOURCE_ROOT; };
        5ABC6D0AE2E64AE09C8960C2 /* App.xaml.h */ = {isa = PBXFileReference; explicitFileType = sourcecode.c.h; name = "App.xaml.h"; path = "../../Src/App.xaml.h"; sourceTree = SOURCE_ROOT; };
        788B741DDADF475A9B4E7884 /* NotifyPropertyChangedBase.cpp */ = {isa = PBXFileReference; explicitFileType = sourcecode.cpp.cpp; name = "NotifyPropertyChangedBase.cpp"; path = "../../Src/NotifyPropertyChangedBase.cpp"; sourceTree = SOURCE_ROOT; };
        373700BE3F544DBCB00A53E8 /* ViewModel.h */ = {isa = PBXFileReference; explicitFileType = sourcecode.c.h; name = "ViewModel.h"; path = "../../Src/ViewModel.h"; sourceTree = SOURCE_ROOT; };
        6595C07CB9574DB69ACCAEEE /* NotifyPropertyChangedBase.h */ = {isa = PBXFileReference; explicitFileType = sourcecode.c.h; name = "NotifyPropertyChangedBase.h"; path = "../../Src/NotifyPropertyChangedBase.h"; sourceTree = SOURCE_ROOT; };
        2D3D8DA3566B45D1A35755CF /* ViewModel.cpp */ = {isa = PBXFileReference; explicitFileType = sourcecode.cpp.cpp; name = "ViewModel.cpp"; path = "../../Src/ViewModel.cpp"; sourceTree = SOURCE_ROOT; };
        A69CDD0DAF204626836A5103 /* MainWindow.xaml.h */ = {isa = PBXFileReference; explicitFileType = sourcecode.c.h; name = "MainWindow.xaml.h"; path = "../../Src/MainWindow.xaml.h"; sourceTree = SOURCE_ROOT; };
        7040541B996C487AB76D3C1B /* DelegateCommand.cpp */ = {isa = PBXFileReference; explicitFileType = sourcecode.cpp.cpp; name = "DelegateCommand.cpp"; path = "../../Src/DelegateCommand.cpp"; sourceTree = SOURCE_ROOT; };
        6BC47F7398024101AB5C5621 /* ElementExtensions.cpp */ = {isa = PBXFileReference; explicitFileType = sourcecode.cpp.cpp; name = "ElementExtensions.cpp"; path = "../../Src/ElementExtensions.cpp"; sourceTree = SOURCE_ROOT; };
        1CFE4F504EE44D6FA798B350 /* ElementExtensions.h */ = {isa = PBXFileReference; explicitFileType = sourcecode.c.h; name = "ElementExtensions.h"; path = "../../Src/ElementExtensions.h"; sourceTree = SOURCE_ROOT; };
        D8F005DF2BEA4219A2A00C35 /* DelegateCommand.h */ = {isa = PBXFileReference; explicitFileType = sourcecode.c.h; name = "DelegateCommand.h"; path = "../../Src/DelegateCommand.h"; sourceTree = SOURCE_ROOT; };
        0A80E39606284771863F3DDB /* Main.cpp */ = {isa = PBXFileReference; explicitFileType = sourcecode.cpp.cpp; name = "Main.cpp"; path = "../../Src/Main.cpp"; sourceTree = SOURCE_ROOT; };
        3F510CB60A124D0A998602DA /* MainWindow.xaml.cpp */ = {isa = PBXFileReference; explicitFileType = sourcecode.cpp.cpp; name = "MainWindow.xaml.cpp"; path = "../../Src/MainWindow.xaml.cpp"; sourceTree = SOURCE_ROOT; };
        6D14B334FF1345BCB2A89B51 /* App.xaml */ = {isa = PBXFileReference; lastKnownFileType = file; name = "App.xaml"; path = "../../Data/App.xaml"; sourceTree = SOURCE_ROOT; };
        55D4EC299D074DAE8A1321A1 /* Aero Matics Regular.ttf */ = {isa = PBXFileReference; lastKnownFileType = file; name = "Aero Matics Regular.ttf"; path = "../../Data/Aero Matics Regular.ttf"; sourceTree = SOURCE_ROOT; };
        2DB0B25C1CA84D0087E47228 /* ControlResources.xaml */ = {isa = PBXFileReference; lastKnownFileType = file; name = "ControlResources.xaml"; path = "../../Data/ControlResources.xaml"; sourceTree = SOURCE_ROOT; };
        38B7FD6795B2490E8B7BD35E /* LogoResources.xaml */ = {isa = PBXFileReference; lastKnownFileType = file; name = "LogoResources.xaml"; path = "../../Data/LogoResources.xaml"; sourceTree = SOURCE_ROOT; };
        762043DC5D554DF2A4DDFE73 /* MainWindow.xaml */ = {isa = PBXFileReference; lastKnownFileType = file; name = "MainWindow.xaml"; path = "../../Data/MainWindow.xaml"; sourceTree = SOURCE_ROOT; };
/* End PBXFileReference section */

/* Begin PBXGroup section */
        F929AB6F04664F4DB245440B = {
            isa = PBXGroup;
            children = (
                53C8AAF8CD0046D1811A954D,
                5ABC6D0AE2E64AE09C8960C2,
                788B741DDADF475A9B4E7884,
                373700BE3F544DBCB00A53E8,
                6595C07CB9574DB69ACCAEEE,
                2D3D8DA3566B45D1A35755CF,
                A69CDD0DAF204626836A5103,
                7040541B996C487AB76D3C1B,
                6BC47F7398024101AB5C5621,
                1CFE4F504EE44D6FA798B350,
                D8F005DF2BEA4219A2A00C35,
                0A80E39606284771863F3DDB,
                3F510CB60A124D0A998602DA,
            );
            name = Src;
            sourceTree = "<group>";
        };
        D4DDC6C126074543A3E81A4A = {
            isa = PBXGroup;
            children = (
                6D14B334FF1345BCB2A89B51,
                55D4EC299D074DAE8A1321A1,
                2DB0B25C1CA84D0087E47228,
                38B7FD6795B2490E8B7BD35E,
                762043DC5D554DF2A4DDFE73,
            );
            name = Data;
            sourceTree = "<group>";
        };
        3F7C75639C5C46BE92BBFEC6 = {
            isa = PBXGroup;
            children = (
                A319890D49714AB0BB8264FD,
                68F4584B9D9A4E5DB36CAE74,
                42A27D6003B3400AB8158AB7,
                028A46C2D3D741759FC8E279,
            );
            name = Config;
            sourceTree = "<group>";
        };
        4A5ED87C7AE84852879C4FBB = {
            isa = PBXGroup;
            children = (
                7BF86A0868F4449D927863D8,
            );
            name = Products;
            sourceTree = "<group>";
        };
        2EB29FB7B2F94C8FB573F1E4 = {
            isa = PBXGroup;
            children = (
                61F1261B60144931997347E3,
                78A263342FE446BDBB8D5B8C,
                DF22CFA5D41B4F10814621E7,
            );
            name = Dependencies;
            sourceTree = "<group>";
        };
        FF42CD773DA14F6E9B701147 = {
            isa = PBXGroup;
            children = (
                F929AB6F04664F4DB245440B,
                D4DDC6C126074543A3E81A4A,
                3F7C75639C5C46BE92BBFEC6,
                4A5ED87C7AE84852879C4FBB,
                2EB29FB7B2F94C8FB573F1E4,
                477BA9227B99468380912377,
            );
            sourceTree = "<group>";
        };
/* End PBXGroup section */

/* Begin PBXSourcesBuildPhase section */
        7147DDBA82B442FBB045AA5C = {
            isa = PBXSourcesBuildPhase;
            buildActionMask = 2147483647;
            files = (
                D1E88C0F5A674A2CBDC743FC,
                F8076CC23A0E415CB4C7D025,
                62D9E194845D46FBBFC8FC5D,
                8FA93219A52F4C289EBA94E9,
                D8A03FEFE08F4A09AD197AAB,
                3092A35A958046D3AB0BFBA9,
                31EF0FB05CB44E26A8F940F9,
                A826250F796F431D89A45C38,
                7884624772F94D47A8228296,
                0D32848629974E61BAD98CDD,
                B8EFB2A10DA54731B236C60A,
                AC4D7F9695B34FCC92927E6D,
            );
            runOnlyForDeploymentPostprocessing = 0;
        };
/* End PBXSourcesBuildPhase section */

/* Begin PBXBuildRule section */
        F0CE1649C17F4F93A992FFC9 = {
            isa = PBXBuildRule;
            compilerSpec = com.apple.compilers.proxy.script;
            filePatterns = "*.xaml *.ttf *.xaml *.xaml *.xaml";
            fileType = pattern.proxy;
            isEditable = 0;
            outputFiles = (
                "${DERIVED_FILE_DIR}/${INPUT_FILE_NAME}.bin.h"
            );
            script = "../../../../../Tools/Bin2h/bin2h.py \"${INPUT_FILE_PATH}\" > \"${DERIVED_SOURCES_DIR}/${INPUT_FILE_NAME}.bin.h\"";
        };
/* End PBXBuildRule section */

/* Begin PBXFrameworksBuildPhase section */
        A5CDDA5025CF434C9223FAAC = {
            isa = PBXFrameworksBuildPhase;
            buildActionMask = 2147483647;
            files = (
                2C6D7C1C29C2466F98514948,
                BEEE4919968149549A5F5F1F,
                D255A0D2005D479983293E0C,
            );
            runOnlyForDeploymentPostprocessing = 0;
        };
/* End PBXFrameworksBuildPhase section */

/* Begin PBXResourcesBuildPhase section */
        768207CD981046D19F0E15C6 = {
            isa = PBXResourcesBuildPhase;
            buildActionMask = 2147483647;
            files = (
            );
            runOnlyForDeploymentPostprocessing = 0;
        };
/* End PBXResourcesBuildPhase section */

/* Begin PBXNativeTarget section */
        247E4C0DD05C45878E3D922C = {
            isa = PBXNativeTarget;
            buildConfigurationList = E6E1149C3E2345CD926E139D;
            buildPhases = (
                7147DDBA82B442FBB045AA5C,
                A5CDDA5025CF434C9223FAAC,
                768207CD981046D19F0E15C6,
            );
            buildRules = (
                F0CE1649C17F4F93A992FFC9,
            );
            dependencies = ();
            name = Samples.Login;
            productName = Samples.Login;
            productReference = 7BF86A0868F4449D927863D8;
            productType = "com.apple.product-type.application";
        };
/* End PBXNativeTarget section */

/* Begin PBXProject section */
        48FFC2DFCBAF4D358D4D9E7E = {
            isa = PBXProject;
            attributes = {};
            buildConfigurationList = 508E61A86CA34539B2562405;
            compatibilityVersion = "Xcode 3.2";
            developmentRegion = English;
            hasScannedForEncodings = 0;
            knownRegions = (en,);
            mainGroup = FF42CD773DA14F6E9B701147;
            productRefGroup = 4A5ED87C7AE84852879C4FBB;
            projectDirPath = "";
            projectRoot = "";
            targets = (247E4C0DD05C45878E3D922C,);
        };
/* End PBXProject section */

/* Begin XCBuildConfiguration section */
        929B3FD985F54337B594A8B1 = {
            isa = XCBuildConfiguration;
            baseConfigurationReference = A319890D49714AB0BB8264FD;
            buildSettings = {
                SDKROOT = macosx;
                ARCHS = "$(ARCHS_STANDARD_32_64_BIT)";
                HEADER_SEARCH_PATHS = (../../../../Core/NSTL/Include,../../../../Samples/Login/Include,../../../../App/ApplicationLauncher/Include,../../../../../../3rdParty/EASTL/local/include,../../../../Drawing/Types/Include,../../../../Math/Utils/Include,../../../../App/Display/Include,../../../../App/Launcher/Include,../../../../Core/Nullable/Include,../../../../App/DisplayLauncher/Include,../../../../../../Include,../../../../Math/VectorMath/Include,../../../../Gui/Providers/Include,../../../../Gui/Core/Include,../../../../Core/Kernel/Include,../../../../Gui/CachedFontProvider/Include,../../../../Gui/DependencySystem/Include);
                GCC_PREPROCESSOR_DEFINITIONS = ("NS_BUILD","NS_CONFIG=Release","NS_VERSION=2.1.0f1","NS_APP_FRAMEWORK","NS_RELEASE_CFG","NS_ASSERTS_ENABLED=0","NS_INSTRUMENTED_ENABLED=0","NS_MINIMUM_LOG_LEVEL=2","$(inherited)");
                LIBRARY_SEARCH_PATHS = ();
                OTHER_LDFLAGS = ();
                GCC_PRECOMPILE_PREFIX_HEADER = YES;
                GCC_PREFIX_HEADER = pch.h;
                STRIP_STYLE = all;
                CONFIGURATION_BUILD_DIR = "$(PROJECT_DIR)/../../../../../../Bin/osx";
                CONFIGURATION_TEMP_DIR = "$(PROJECT_DIR)/build/$(CONFIGURATION)";
                USE_HEADERMAP = NO;
            };
            name = Release;
        };
        4D8F058E6A7A4BFD86D477C6 = {
            isa = XCBuildConfiguration;
            buildSettings = {
                PRODUCT_BUNDLE_IDENTIFIER = "Noesis.${PRODUCT_NAME:rfc1034identifier}";
                PRODUCT_NAME = "$(TARGET_NAME)";
                CURRENT_PROJECT_VERSION = 2.1.0;
                DYLIB_COMPATIBILITY_VERSION = "$(CURRENT_PROJECT_VERSION)";
                DYLIB_CURRENT_VERSION = "$(CURRENT_PROJECT_VERSION)";
                GCC_INPUT_FILETYPE = "sourcecode.cpp.objcpp";
                INFOPLIST_FILE = "$(PROJECT_DIR)/../../Resources/macOS/info.plist";
                LD_RUNPATH_SEARCH_PATHS = "@executable_path/../../../";
            };
            name = Release;
        };
        80DDD8B383EB42E3BF684B8A = {
            isa = XCBuildConfiguration;
            baseConfigurationReference = 68F4584B9D9A4E5DB36CAE74;
            buildSettings = {
                SDKROOT = macosx;
                ARCHS = "$(ARCHS_STANDARD_32_64_BIT)";
                HEADER_SEARCH_PATHS = (../../../../Core/NSTL/Include,../../../../Samples/Login/Include,../../../../App/ApplicationLauncher/Include,../../../../../../3rdParty/EASTL/local/include,../../../../Drawing/Types/Include,../../../../Math/Utils/Include,../../../../App/Display/Include,../../../../App/Launcher/Include,../../../../Core/Nullable/Include,../../../../App/DisplayLauncher/Include,../../../../../../Include,../../../../Math/VectorMath/Include,../../../../Gui/Providers/Include,../../../../Gui/Core/Include,../../../../Core/Kernel/Include,../../../../Gui/CachedFontProvider/Include,../../../../Gui/DependencySystem/Include);
                GCC_PREPROCESSOR_DEFINITIONS = ("NS_BUILD","NS_CONFIG=Profile","NS_VERSION=2.1.0f1","NS_APP_FRAMEWORK","NS_PROFILE_CFG","NS_ASSERTS_ENABLED=0","NS_INSTRUMENTED_ENABLED=1","NS_MINIMUM_LOG_LEVEL=2","$(inherited)");
                LIBRARY_SEARCH_PATHS = ();
                OTHER_LDFLAGS = ();
                GCC_PRECOMPILE_PREFIX_HEADER = YES;
                GCC_PREFIX_HEADER = pch.h;
                STRIP_STYLE = all;
                CONFIGURATION_BUILD_DIR = "$(PROJECT_DIR)/../../../../../../Bin/osx";
                CONFIGURATION_TEMP_DIR = "$(PROJECT_DIR)/build/$(CONFIGURATION)";
                USE_HEADERMAP = NO;
            };
            name = Profile;
        };
        68A47DAAE74744B5AC718B42 = {
            isa = XCBuildConfiguration;
            buildSettings = {
                PRODUCT_BUNDLE_IDENTIFIER = "Noesis.${PRODUCT_NAME:rfc1034identifier}";
                PRODUCT_NAME = "$(TARGET_NAME)";
                CURRENT_PROJECT_VERSION = 2.1.0;
                DYLIB_COMPATIBILITY_VERSION = "$(CURRENT_PROJECT_VERSION)";
                DYLIB_CURRENT_VERSION = "$(CURRENT_PROJECT_VERSION)";
                GCC_INPUT_FILETYPE = "sourcecode.cpp.objcpp";
                INFOPLIST_FILE = "$(PROJECT_DIR)/../../Resources/macOS/info.plist";
                LD_RUNPATH_SEARCH_PATHS = "@executable_path/../../../";
            };
            name = Profile;
        };
        CB2EF253F63941EB822E3EAF = {
            isa = XCBuildConfiguration;
            baseConfigurationReference = 028A46C2D3D741759FC8E279;
            buildSettings = {
                SDKROOT = macosx;
                ARCHS = "$(ARCHS_STANDARD_32_64_BIT)";
                HEADER_SEARCH_PATHS = (../../../../Core/NSTL/Include,../../../../Samples/Login/Include,../../../../App/ApplicationLauncher/Include,../../../../../../3rdParty/EASTL/local/include,../../../../Drawing/Types/Include,../../../../Math/Utils/Include,../../../../App/Display/Include,../../../../App/Launcher/Include,../../../../Core/Nullable/Include,../../../../App/DisplayLauncher/Include,../../../../../../Include,../../../../Math/VectorMath/Include,../../../../Gui/Providers/Include,../../../../Gui/Core/Include,../../../../Core/Kernel/Include,../../../../Gui/CachedFontProvider/Include,../../../../Gui/DependencySystem/Include);
                GCC_PREPROCESSOR_DEFINITIONS = ("NS_BUILD","NS_CONFIG=Debug","NS_VERSION=2.1.0f1","NS_APP_FRAMEWORK","NS_DEBUG_CFG","NS_ASSERTS_ENABLED=1","NS_INSTRUMENTED_ENABLED=1","NS_MINIMUM_LOG_LEVEL=1","$(inherited)");
                LIBRARY_SEARCH_PATHS = ();
                OTHER_LDFLAGS = ();
                GCC_PRECOMPILE_PREFIX_HEADER = YES;
                GCC_PREFIX_HEADER = pch.h;
                STRIP_STYLE = all;
                CONFIGURATION_BUILD_DIR = "$(PROJECT_DIR)/../../../../../../Bin/osx";
                CONFIGURATION_TEMP_DIR = "$(PROJECT_DIR)/build/$(CONFIGURATION)";
                USE_HEADERMAP = NO;
            };
            name = Debug;
        };
        9FF74718BE594E2191240A39 = {
            isa = XCBuildConfiguration;
            buildSettings = {
                PRODUCT_BUNDLE_IDENTIFIER = "Noesis.${PRODUCT_NAME:rfc1034identifier}";
                PRODUCT_NAME = "$(TARGET_NAME)";
                CURRENT_PROJECT_VERSION = 2.1.0;
                DYLIB_COMPATIBILITY_VERSION = "$(CURRENT_PROJECT_VERSION)";
                DYLIB_CURRENT_VERSION = "$(CURRENT_PROJECT_VERSION)";
                GCC_INPUT_FILETYPE = "sourcecode.cpp.objcpp";
                INFOPLIST_FILE = "$(PROJECT_DIR)/../../Resources/macOS/info.plist";
                LD_RUNPATH_SEARCH_PATHS = "@executable_path/../../../";
            };
            name = Debug;
        };
/* End XCBuildConfiguration section */

/* Begin XCConfigurationList section */
        508E61A86CA34539B2562405 = {
            isa = XCConfigurationList;
            buildConfigurations = (929B3FD985F54337B594A8B1,80DDD8B383EB42E3BF684B8A,CB2EF253F63941EB822E3EAF);
            defaultConfigurationIsVisible = 0;
            defaultConfigurationName = Release;
        };

        E6E1149C3E2345CD926E139D = {
            isa = XCConfigurationList;
            buildConfigurations = (4D8F058E6A7A4BFD86D477C6,68A47DAAE74744B5AC718B42,9FF74718BE594E2191240A39);
            defaultConfigurationIsVisible = 0;
            defaultConfigurationName = Release;
        };
/* End XCConfigurationList section */
    };
    rootObject = 48FFC2DFCBAF4D358D4D9E7E;
}
