<?xml version="1.0" encoding="utf-8"?>
<Project ToolsVersion="4.0" xmlns="http://schemas.microsoft.com/developer/msbuild/2003">
  <ItemGroup>
    <Filter Include="Src">
      <UniqueIdentifier>{2fc81729-595f-4cd2-a1f4-021b9d9de4b0}</UniqueIdentifier>
    </Filter>
    <Filter Include="Data">
      <UniqueIdentifier>{bb3b8909-234b-4259-b98b-f9af53bbc187}</UniqueIdentifier>
    </Filter>
    <Filter Include="lib">
      <UniqueIdentifier>{b55ded1d-c544-4c8c-9c9c-5a792d6876e7}</UniqueIdentifier>
    </Filter>
    <Filter Include="lib\x86">
      <UniqueIdentifier>{65cae2f1-7b49-46ea-bc36-1c36d165a5e9}</UniqueIdentifier>
    </Filter>
  </ItemGroup>
  <ItemGroup>
    <ClCompile Include="..\..\Src\Main.cpp">
      <Filter>Src</Filter>
    </ClCompile>
    <ClInclude Include="pch.h">
    </ClInclude>
    <ClCompile Include="pch.cpp">
    </ClCompile>
    <ClInclude Include="$(AndroidAPILevelPath)\..\sources\android\native_app_glue\android_native_app_glue.h">
      <Filter>Src</Filter>
    </ClInclude>
    <ClCompile Include="$(AndroidAPILevelPath)\..\sources\android\native_app_glue\android_native_app_glue.c">
      <Filter>Src</Filter>
    </ClCompile>
    <CustomBuild Include="..\..\Data\App.xaml">
      <Filter>Data</Filter>
    </CustomBuild>
    <CustomBuild Include="..\..\Data\MainWindow.xaml">
      <Filter>Data</Filter>
    </CustomBuild>
  </ItemGroup>
  <ItemGroup>
    <Library Include="..\..\..\..\..\..\Bin\android_x86\libNoesis.so">
      <Filter>lib\x86</Filter>
    </Library>
    <Library Include="..\..\..\..\..\..\Bin\android_x86\libNoesisApp.so">
      <Filter>lib\x86</Filter>
    </Library>
  </ItemGroup>
</Project>