Microsoft Visual Studio Solution File, Format Version 12.00
# Visual Studio 14
VisualStudioVersion = 14.0.25420.1
MinimumVisualStudioVersion = 10.0.40219.1
Project("{8BC9CEB8-8B4A-11D0-8D11-00A0C91BC942}") = "Samples.Scoreboard", "Samples.Scoreboard.vcxproj", "{A452F19F-8935-3BCB-A7E1-D3B1656147AA}"
EndProject
Project("{39E2626F-3545-4960-A6E8-258AD8476CE5}") = "Samples.Scoreboard.apk", "Samples.Scoreboard.apk.androidproj", "{5C571CEB-878A-3475-BE89-335B52959AEC}"
EndProject
Global
    GlobalSection(SolutionConfigurationPlatforms) = preSolution
        Debug|ARM = Debug|ARM
        Profile|ARM = Profile|ARM
        Release|ARM = Release|ARM
    EndGlobalSection
    GlobalSection(ProjectConfigurationPlatforms) = postSolution
        {A452F19F-8935-3BCB-A7E1-D3B1656147AA}.Debug|ARM.ActiveCfg = Debug|ARM
        {A452F19F-8935-3BCB-A7E1-D3B1656147AA}.Debug|ARM.Build.0 = Debug|ARM
        {A452F19F-8935-3BCB-A7E1-D3B1656147AA}.Profile|ARM.ActiveCfg = Profile|ARM
        {A452F19F-8935-3BCB-A7E1-D3B1656147AA}.Profile|ARM.Build.0 = Profile|ARM
        {A452F19F-8935-3BCB-A7E1-D3B1656147AA}.Release|ARM.ActiveCfg = Release|ARM
        {A452F19F-8935-3BCB-A7E1-D3B1656147AA}.Release|ARM.Build.0 = Release|ARM
        {5C571CEB-878A-3475-BE89-335B52959AEC}.Debug|ARM.ActiveCfg = Debug|ARM
        {5C571CEB-878A-3475-BE89-335B52959AEC}.Debug|ARM.Build.0 = Debug|ARM
        {5C571CEB-878A-3475-BE89-335B52959AEC}.Debug|ARM.Deploy.0 = Debug|ARM
        {5C571CEB-878A-3475-BE89-335B52959AEC}.Profile|ARM.ActiveCfg = Profile|ARM
        {5C571CEB-878A-3475-BE89-335B52959AEC}.Profile|ARM.Build.0 = Profile|ARM
        {5C571CEB-878A-3475-BE89-335B52959AEC}.Profile|ARM.Deploy.0 = Profile|ARM
        {5C571CEB-878A-3475-BE89-335B52959AEC}.Release|ARM.ActiveCfg = Release|ARM
        {5C571CEB-878A-3475-BE89-335B52959AEC}.Release|ARM.Build.0 = Release|ARM
        {5C571CEB-878A-3475-BE89-335B52959AEC}.Release|ARM.Deploy.0 = Release|ARM
    EndGlobalSection
    GlobalSection(SolutionProperties) = preSolution
        HideSolutionNode = FALSE
    EndGlobalSection
EndGlobal
