<?xml version="1.0" encoding="utf-8"?>
<Project ToolsVersion="4.0" xmlns="http://schemas.microsoft.com/developer/msbuild/2003">
  <ItemGroup>
    <Filter Include="Src">
      <UniqueIdentifier>{f88f5591-d55d-4b8f-8b78-88d2f5afc75d}</UniqueIdentifier>
    </Filter>
    <Filter Include="Resources">
      <UniqueIdentifier>{a942db1f-d1eb-401b-a47a-b694de693182}</UniqueIdentifier>
    </Filter>
    <Filter Include="Data">
      <UniqueIdentifier>{14e00e95-e64b-4b43-a437-5426d24e5a30}</UniqueIdentifier>
    </Filter>
  </ItemGroup>
  <ItemGroup>
    <ClCompile Include="..\..\Src\Main.cpp">
      <Filter>Src</Filter>
    </ClCompile>
    <ClInclude Include="pch.h">
    </ClInclude>
    <ClCompile Include="pch.cpp">
    </ClCompile>
    <ClInclude Include="..\..\Resources\Win32\resource.h">
      <Filter>Resources</Filter>
    </ClInclude>
    <ResourceCompile Include="..\..\Resources\Win32\Resources.rc">
      <Filter>Resources</Filter>
    </ResourceCompile>
    <None Include="..\..\Resources\Win32\rss.ico">
      <Filter>Resources</Filter>
    </None>
    <CustomBuild Include="..\..\Data\App.xaml">
      <Filter>Data</Filter>
    </CustomBuild>
    <CustomBuild Include="..\..\Data\MainWindow.xaml">
      <Filter>Data</Filter>
    </CustomBuild>
    <CustomBuild Include="..\..\Data\Roboto-Regular.ttf">
      <Filter>Data</Filter>
    </CustomBuild>
    <CustomBuild Include="..\..\Data\Roboto-Bold.ttf">
      <Filter>Data</Filter>
    </CustomBuild>
  </ItemGroup>
</Project>