<?xml version="1.0" encoding="utf-8"?>
<Project ToolsVersion="4.0" xmlns="http://schemas.microsoft.com/developer/msbuild/2003">
  <ItemGroup>
    <Filter Include="Src">
      <UniqueIdentifier>{0fb2717a-ca7e-4cb4-9817-8d4004a4cb5f}</UniqueIdentifier>
    </Filter>
    <Filter Include="Data">
      <UniqueIdentifier>{7da7a61f-c87b-4b95-b42a-a8437616b03e}</UniqueIdentifier>
    </Filter>
    <Filter Include="lib">
      <UniqueIdentifier>{e104e9d1-aa59-4bd1-bae8-1ab7bee0545e}</UniqueIdentifier>
    </Filter>
    <Filter Include="lib\armeabi-v7a">
      <UniqueIdentifier>{2efdda6a-4999-41dc-ba2f-0d48e38bb9c8}</UniqueIdentifier>
    </Filter>
  </ItemGroup>
  <ItemGroup>
    <ClCompile Include="..\..\Src\Main.cpp">
      <Filter>Src</Filter>
    </ClCompile>
    <ClInclude Include="pch.h">
    </ClInclude>
    <ClCompile Include="pch.cpp">
    </ClCompile>
    <ClInclude Include="$(AndroidAPILevelPath)\..\sources\android\native_app_glue\android_native_app_glue.h">
      <Filter>Src</Filter>
    </ClInclude>
    <ClCompile Include="$(AndroidAPILevelPath)\..\sources\android\native_app_glue\android_native_app_glue.c">
      <Filter>Src</Filter>
    </ClCompile>
    <CustomBuild Include="..\..\Data\App.xaml">
      <Filter>Data</Filter>
    </CustomBuild>
    <CustomBuild Include="..\..\Data\MainWindow.xaml">
      <Filter>Data</Filter>
    </CustomBuild>
    <CustomBuild Include="..\..\Data\Roboto-Regular.ttf">
      <Filter>Data</Filter>
    </CustomBuild>
    <CustomBuild Include="..\..\Data\Roboto-Bold.ttf">
      <Filter>Data</Filter>
    </CustomBuild>
  </ItemGroup>
  <ItemGroup>
    <Library Include="..\..\..\..\..\..\Bin\android_arm\libNoesis.so">
      <Filter>lib\armeabi-v7a</Filter>
    </Library>
    <Library Include="..\..\..\..\..\..\Bin\android_arm\libNoesisApp.so">
      <Filter>lib\armeabi-v7a</Filter>
    </Library>
  </ItemGroup>
</Project>