<?xml version="1.0" encoding="utf-8"?>
<Project ToolsVersion="4.0" xmlns="http://schemas.microsoft.com/developer/msbuild/2003">
  <ItemGroup>
    <Filter Include="Src">
      <UniqueIdentifier>{10b88830-b39d-4c2a-a3de-252af67424da}</UniqueIdentifier>
    </Filter>
    <Filter Include="Data">
      <UniqueIdentifier>{07a9350e-8736-43c5-b218-78cbcd396634}</UniqueIdentifier>
    </Filter>
  </ItemGroup>
  <ItemGroup>
    <ClCompile Include="..\..\Src\DateTime.cpp">
      <Filter>Src</Filter>
    </ClCompile>
    <ClInclude Include="..\..\Src\DateTime.h">
      <Filter>Src</Filter>
    </ClInclude>
    <ClCompile Include="..\..\Src\Main.cpp">
      <Filter>Src</Filter>
    </ClCompile>
    <ClInclude Include="pch.h">
    </ClInclude>
    <ClCompile Include="pch.cpp">
    </ClCompile>
    <CustomBuild Include="..\..\Src\MainWindow.xaml">
      <Filter>Data</Filter>
    </CustomBuild>
    <CustomBuild Include="..\..\Src\App.xaml">
      <Filter>Data</Filter>
    </CustomBuild>
    <CustomBuild Include="..\..\Src\Aero Matics Regular.ttf">
      <Filter>Data</Filter>
    </CustomBuild>
  </ItemGroup>
</Project>