<?xml version="1.0" encoding="utf-8"?>
<Project ToolsVersion="4.0" xmlns="http://schemas.microsoft.com/developer/msbuild/2003">
  <ItemGroup>
    <Filter Include="Src">
      <UniqueIdentifier>{dc72e34c-6cb7-40d2-a740-3b0c705217c0}</UniqueIdentifier>
    </Filter>
    <Filter Include="Data">
      <UniqueIdentifier>{b1fde655-e35d-4895-b4b3-2a5b40027edb}</UniqueIdentifier>
    </Filter>
  </ItemGroup>
  <ItemGroup>
    <ClCompile Include="..\..\Src\App.xaml.cpp">
      <Filter>Src</Filter>
    </ClCompile>
    <ClInclude Include="..\..\Src\App.xaml.h">
      <Filter>Src</Filter>
    </ClInclude>
    <ClCompile Include="..\..\Src\Main.cpp">
      <Filter>Src</Filter>
    </ClCompile>
    <ClCompile Include="..\..\Src\MainWindow.xaml.cpp">
      <Filter>Src</Filter>
    </ClCompile>
    <ClInclude Include="..\..\Src\MainWindow.xaml.h">
      <Filter>Src</Filter>
    </ClInclude>
    <ClCompile Include="..\..\Src\NotifyPropertyChangedBase.cpp">
      <Filter>Src</Filter>
    </ClCompile>
    <ClInclude Include="..\..\Src\NotifyPropertyChangedBase.h">
      <Filter>Src</Filter>
    </ClInclude>
    <ClInclude Include="..\..\Src\Player.h">
      <Filter>Src</Filter>
    </ClInclude>
    <ClCompile Include="..\..\Src\ThousandConverter.cpp">
      <Filter>Src</Filter>
    </ClCompile>
    <ClInclude Include="..\..\Src\ThousandConverter.h">
      <Filter>Src</Filter>
    </ClInclude>
    <ClInclude Include="pch.h">
    </ClInclude>
    <ClCompile Include="pch.cpp">
    </ClCompile>
    <CustomBuild Include="..\..\Data\App.xaml">
      <Filter>Data</Filter>
    </CustomBuild>
    <CustomBuild Include="..\..\Data\MainWindow.xaml">
      <Filter>Data</Filter>
    </CustomBuild>
    <CustomBuild Include="..\..\Data\Fonts\Cheboyga.ttf">
      <Filter>Data</Filter>
    </CustomBuild>
    <CustomBuild Include="..\..\Data\Fonts\PERRYGOT.TTF">
      <Filter>Data</Filter>
    </CustomBuild>
  </ItemGroup>
</Project>