<?xml version="1.0" encoding="utf-8"?>
<Project ToolsVersion="4.0" xmlns="http://schemas.microsoft.com/developer/msbuild/2003">
  <ItemGroup>
    <Filter Include="Src">
      <UniqueIdentifier>{af5451ff-33b9-4748-b1e8-1482aa69e8af}</UniqueIdentifier>
    </Filter>
    <Filter Include="Data">
      <UniqueIdentifier>{11d5145c-33eb-4da2-90d5-308a2fddd9ef}</UniqueIdentifier>
    </Filter>
  </ItemGroup>
  <ItemGroup>
    <ClCompile Include="..\..\Src\Main.cpp">
      <Filter>Src</Filter>
    </ClCompile>
    <ClInclude Include="..\..\Src\NumericUpDown.h">
      <Filter>Src</Filter>
    </ClInclude>
    <ClCompile Include="..\..\Src\NumericUpDown.xaml.cpp">
      <Filter>Src</Filter>
    </ClCompile>
    <ClInclude Include="pch.h">
    </ClInclude>
    <ClCompile Include="pch.cpp">
    </ClCompile>
    <CustomBuild Include="..\..\Src\MainWindow.xaml">
      <Filter>Data</Filter>
    </CustomBuild>
    <CustomBuild Include="..\..\Src\App.xaml">
      <Filter>Data</Filter>
    </CustomBuild>
    <CustomBuild Include="..\..\Src\NumericUpDown.xaml">
      <Filter>Data</Filter>
    </CustomBuild>
    <CustomBuild Include="..\..\Src\Aero Matics Regular.ttf">
      <Filter>Data</Filter>
    </CustomBuild>
  </ItemGroup>
</Project>