// !$*UTF8*$!
{
    archiveVersion = 1;
    classes = {};
    objectVersion = 46;
    objects = {

/* Begin PBXBuildFile section */
        315D16B637E04A53BEC22802 = {isa = PBXBuildFile; fileRef = 3C6A12B658AA45AD9B64A09D /* MainWindow.xaml */; };
        9BE39C54CFE44C3D8AC7881D = {isa = PBXBuildFile; fileRef = 5B253AAB3AD34EF1B0F2039E /* App.xaml */; };
        602D70F955DA4E488E5823E8 = {isa = PBXBuildFile; fileRef = 1914324A146B4D9D89B0388E /* Aero Matics Regular.ttf */; };
        F4BA37E6BB34471EB1710575 = {isa = PBXBuildFile; fileRef = 5B7824720307455790D78A2C /* DateTime.cpp */; };
        AD42D48BD20F4EB0B14BDB34 = {isa = PBXBuildFile; fileRef = 09DCD87E070D4A30A89E09EA /* Main.cpp */; };
        D26204F7B65F4DC58B5380A0 = {isa = PBXBuildFile; fileRef = 08A787772CFA45F9A4DAD952 /* AppKit.framework */; };
        361BC339693040D38AF1045D = {isa = PBXBuildFile; fileRef = D581D8FF9E5D4B349B3BAD17 /* Noesis.dylib */; };
        B4CCCD892DFE4E0790A2AB14 = {isa = PBXBuildFile; fileRef = 17172FD7319F43C6857AE34C /* NoesisApp.dylib */; };
/* End PBXBuildFile section */

/* Begin PBXFileReference section */
        77FBCB1B080B425D933D9B8F /* Samples.CustomControl.app */ = {isa = PBXFileReference; explicitFileType = wrapper.application; includeInIndex = 0; path = Samples.CustomControl.app; sourceTree = BUILT_PRODUCTS_DIR; };
        08A787772CFA45F9A4DAD952 /* AppKit.framework */ = {isa = PBXFileReference; explicitFileType = wrapper.framework; name = "AppKit.framework"; path = "System/Library/Frameworks/AppKit.framework"; sourceTree = SDKROOT; };
        D581D8FF9E5D4B349B3BAD17 /* Noesis.dylib */ = {isa = PBXFileReference; explicitFileType = archive.ar; name = "Noesis.dylib"; path = "../../../../../../Bin/osx/Noesis.dylib"; sourceTree = SOURCE_ROOT; };
        17172FD7319F43C6857AE34C /* NoesisApp.dylib */ = {isa = PBXFileReference; explicitFileType = archive.ar; name = "NoesisApp.dylib"; path = "../../../../../../Bin/osx/NoesisApp.dylib"; sourceTree = SOURCE_ROOT; };
        0A9F3413FB5C4D0EB2BE7E63 /* Common.xcconfig */ = {isa = PBXFileReference; explicitFileType = text.xcconfig; name = "Common.xcconfig"; path = "../../../../../../Config/Common.xcconfig"; sourceTree = SOURCE_ROOT; };
        B0373B0A3F6F4EE0BCE0BFD4 /* Release.xcconfig */ = {isa = PBXFileReference; explicitFileType = text.xcconfig; name = "Release.xcconfig"; path = "../../../../../../Config/Release/Release.xcconfig"; sourceTree = SOURCE_ROOT; };
        8A716A54BF8A4C4FB086F015 /* Profile.xcconfig */ = {isa = PBXFileReference; explicitFileType = text.xcconfig; name = "Profile.xcconfig"; path = "../../../../../../Config/Profile/Profile.xcconfig"; sourceTree = SOURCE_ROOT; };
        36CB84DBCD0046329F94541A /* Debug.xcconfig */ = {isa = PBXFileReference; explicitFileType = text.xcconfig; name = "Debug.xcconfig"; path = "../../../../../../Config/Debug/Debug.xcconfig"; sourceTree = SOURCE_ROOT; };
        D934B70E588540DCADD5210B /* DateTime.h */ = {isa = PBXFileReference; explicitFileType = sourcecode.c.h; name = "DateTime.h"; path = "../../Src/DateTime.h"; sourceTree = SOURCE_ROOT; };
        5B7824720307455790D78A2C /* DateTime.cpp */ = {isa = PBXFileReference; explicitFileType = sourcecode.cpp.cpp; name = "DateTime.cpp"; path = "../../Src/DateTime.cpp"; sourceTree = SOURCE_ROOT; };
        09DCD87E070D4A30A89E09EA /* Main.cpp */ = {isa = PBXFileReference; explicitFileType = sourcecode.cpp.cpp; name = "Main.cpp"; path = "../../Src/Main.cpp"; sourceTree = SOURCE_ROOT; };
        3C6A12B658AA45AD9B64A09D /* MainWindow.xaml */ = {isa = PBXFileReference; lastKnownFileType = file; name = "MainWindow.xaml"; path = "../../Src/MainWindow.xaml"; sourceTree = SOURCE_ROOT; };
        5B253AAB3AD34EF1B0F2039E /* App.xaml */ = {isa = PBXFileReference; lastKnownFileType = file; name = "App.xaml"; path = "../../Src/App.xaml"; sourceTree = SOURCE_ROOT; };
        1914324A146B4D9D89B0388E /* Aero Matics Regular.ttf */ = {isa = PBXFileReference; lastKnownFileType = file; name = "Aero Matics Regular.ttf"; path = "../../Src/Aero Matics Regular.ttf"; sourceTree = SOURCE_ROOT; };
/* End PBXFileReference section */

/* Begin PBXGroup section */
        A26453054136401F9D124ABB = {
            isa = PBXGroup;
            children = (
                D934B70E588540DCADD5210B,
                5B7824720307455790D78A2C,
                09DCD87E070D4A30A89E09EA,
            );
            name = Src;
            sourceTree = "<group>";
        };
        C992408424C041D5BD52F0D5 = {
            isa = PBXGroup;
            children = (
                3C6A12B658AA45AD9B64A09D,
                5B253AAB3AD34EF1B0F2039E,
                1914324A146B4D9D89B0388E,
            );
            name = Data;
            sourceTree = "<group>";
        };
        E351F5376855486CB4473620 = {
            isa = PBXGroup;
            children = (
                B0373B0A3F6F4EE0BCE0BFD4,
                8A716A54BF8A4C4FB086F015,
                0A9F3413FB5C4D0EB2BE7E63,
                36CB84DBCD0046329F94541A,
            );
            name = Config;
            sourceTree = "<group>";
        };
        AB052C0A55DF4C1480188D92 = {
            isa = PBXGroup;
            children = (
                77FBCB1B080B425D933D9B8F,
            );
            name = Products;
            sourceTree = "<group>";
        };
        81DF1E9755AA4E32A50BDE12 = {
            isa = PBXGroup;
            children = (
                08A787772CFA45F9A4DAD952,
                D581D8FF9E5D4B349B3BAD17,
                17172FD7319F43C6857AE34C,
            );
            name = Dependencies;
            sourceTree = "<group>";
        };
        87973608161848768877E6F3 = {
            isa = PBXGroup;
            children = (
                A26453054136401F9D124ABB,
                C992408424C041D5BD52F0D5,
                E351F5376855486CB4473620,
                AB052C0A55DF4C1480188D92,
                81DF1E9755AA4E32A50BDE12,
                7C94BAD87C294F9DBF94F1E9,
            );
            sourceTree = "<group>";
        };
/* End PBXGroup section */

/* Begin PBXSourcesBuildPhase section */
        B972583BF19747AC9EE3343A = {
            isa = PBXSourcesBuildPhase;
            buildActionMask = 2147483647;
            files = (
                315D16B637E04A53BEC22802,
                9BE39C54CFE44C3D8AC7881D,
                602D70F955DA4E488E5823E8,
                F4BA37E6BB34471EB1710575,
                AD42D48BD20F4EB0B14BDB34,
            );
            runOnlyForDeploymentPostprocessing = 0;
        };
/* End PBXSourcesBuildPhase section */

/* Begin PBXBuildRule section */
        FBB232135B8B47479F88F497 = {
            isa = PBXBuildRule;
            compilerSpec = com.apple.compilers.proxy.script;
            filePatterns = "*.xaml *.xaml *.ttf";
            fileType = pattern.proxy;
            isEditable = 0;
            outputFiles = (
                "${DERIVED_FILE_DIR}/${INPUT_FILE_NAME}.bin.h"
            );
            script = "../../../../../Tools/Bin2h/bin2h.py \"${INPUT_FILE_PATH}\" > \"${DERIVED_SOURCES_DIR}/${INPUT_FILE_NAME}.bin.h\"";
        };
/* End PBXBuildRule section */

/* Begin PBXFrameworksBuildPhase section */
        324B84E61EF846AA96651B08 = {
            isa = PBXFrameworksBuildPhase;
            buildActionMask = 2147483647;
            files = (
                D26204F7B65F4DC58B5380A0,
                361BC339693040D38AF1045D,
                B4CCCD892DFE4E0790A2AB14,
            );
            runOnlyForDeploymentPostprocessing = 0;
        };
/* End PBXFrameworksBuildPhase section */

/* Begin PBXResourcesBuildPhase section */
        34156332401C4437A6EA47D9 = {
            isa = PBXResourcesBuildPhase;
            buildActionMask = 2147483647;
            files = (
            );
            runOnlyForDeploymentPostprocessing = 0;
        };
/* End PBXResourcesBuildPhase section */

/* Begin PBXNativeTarget section */
        7DA8D2F8B1B445FE8B89FB3D = {
            isa = PBXNativeTarget;
            buildConfigurationList = DBD6EF4EB0344B5297072569;
            buildPhases = (
                B972583BF19747AC9EE3343A,
                324B84E61EF846AA96651B08,
                34156332401C4437A6EA47D9,
            );
            buildRules = (
                FBB232135B8B47479F88F497,
            );
            dependencies = ();
            name = Samples.CustomControl;
            productName = Samples.CustomControl;
            productReference = 77FBCB1B080B425D933D9B8F;
            productType = "com.apple.product-type.application";
        };
/* End PBXNativeTarget section */

/* Begin PBXProject section */
        4C5BFC7F7ACA4708BBD4E72E = {
            isa = PBXProject;
            attributes = {};
            buildConfigurationList = 3CDCC2E71A0C43FE8CBFF069;
            compatibilityVersion = "Xcode 3.2";
            developmentRegion = English;
            hasScannedForEncodings = 0;
            knownRegions = (en,);
            mainGroup = 87973608161848768877E6F3;
            productRefGroup = AB052C0A55DF4C1480188D92;
            projectDirPath = "";
            projectRoot = "";
            targets = (7DA8D2F8B1B445FE8B89FB3D,);
        };
/* End PBXProject section */

/* Begin XCBuildConfiguration section */
        228260BC777E4A159E416449 = {
            isa = XCBuildConfiguration;
            baseConfigurationReference = B0373B0A3F6F4EE0BCE0BFD4;
            buildSettings = {
                SDKROOT = macosx;
                ARCHS = "$(ARCHS_STANDARD_32_64_BIT)";
                HEADER_SEARCH_PATHS = (../../../../Core/NSTL/Include,../../../../App/ApplicationLauncher/Include,../../../../../../3rdParty/EASTL/local/include,../../../../Drawing/Types/Include,../../../../Math/Utils/Include,../../../../App/Display/Include,../../../../App/Launcher/Include,../../../../Core/Nullable/Include,../../../../App/DisplayLauncher/Include,../../../../../../Include,../../../../Math/VectorMath/Include,../../../../Gui/Providers/Include,../../../../Gui/Core/Include,../../../../Core/Kernel/Include,../../../../Gui/CachedFontProvider/Include,../../../../Samples/CustomControl/Include,../../../../Gui/DependencySystem/Include);
                GCC_PREPROCESSOR_DEFINITIONS = ("NS_BUILD","NS_CONFIG=Release","NS_VERSION=2.1.0f1","NS_APP_FRAMEWORK","NS_RELEASE_CFG","NS_ASSERTS_ENABLED=0","NS_INSTRUMENTED_ENABLED=0","NS_MINIMUM_LOG_LEVEL=2","$(inherited)");
                LIBRARY_SEARCH_PATHS = ();
                OTHER_LDFLAGS = ();
                GCC_PRECOMPILE_PREFIX_HEADER = YES;
                GCC_PREFIX_HEADER = pch.h;
                STRIP_STYLE = all;
                CONFIGURATION_BUILD_DIR = "$(PROJECT_DIR)/../../../../../../Bin/osx";
                CONFIGURATION_TEMP_DIR = "$(PROJECT_DIR)/build/$(CONFIGURATION)";
                USE_HEADERMAP = NO;
            };
            name = Release;
        };
        5D4C6A359C3940AD8D075FC8 = {
            isa = XCBuildConfiguration;
            buildSettings = {
                PRODUCT_BUNDLE_IDENTIFIER = "Noesis.${PRODUCT_NAME:rfc1034identifier}";
                PRODUCT_NAME = "$(TARGET_NAME)";
                CURRENT_PROJECT_VERSION = 2.1.0;
                DYLIB_COMPATIBILITY_VERSION = "$(CURRENT_PROJECT_VERSION)";
                DYLIB_CURRENT_VERSION = "$(CURRENT_PROJECT_VERSION)";
                GCC_INPUT_FILETYPE = "sourcecode.cpp.objcpp";
                INFOPLIST_FILE = "$(PROJECT_DIR)/../../Resources/macOS/info.plist";
                LD_RUNPATH_SEARCH_PATHS = "@executable_path/../../../";
            };
            name = Release;
        };
        48ECC083A85944758B8303C5 = {
            isa = XCBuildConfiguration;
            baseConfigurationReference = 8A716A54BF8A4C4FB086F015;
            buildSettings = {
                SDKROOT = macosx;
                ARCHS = "$(ARCHS_STANDARD_32_64_BIT)";
                HEADER_SEARCH_PATHS = (../../../../Core/NSTL/Include,../../../../App/ApplicationLauncher/Include,../../../../../../3rdParty/EASTL/local/include,../../../../Drawing/Types/Include,../../../../Math/Utils/Include,../../../../App/Display/Include,../../../../App/Launcher/Include,../../../../Core/Nullable/Include,../../../../App/DisplayLauncher/Include,../../../../../../Include,../../../../Math/VectorMath/Include,../../../../Gui/Providers/Include,../../../../Gui/Core/Include,../../../../Core/Kernel/Include,../../../../Gui/CachedFontProvider/Include,../../../../Samples/CustomControl/Include,../../../../Gui/DependencySystem/Include);
                GCC_PREPROCESSOR_DEFINITIONS = ("NS_BUILD","NS_CONFIG=Profile","NS_VERSION=2.1.0f1","NS_APP_FRAMEWORK","NS_PROFILE_CFG","NS_ASSERTS_ENABLED=0","NS_INSTRUMENTED_ENABLED=1","NS_MINIMUM_LOG_LEVEL=2","$(inherited)");
                LIBRARY_SEARCH_PATHS = ();
                OTHER_LDFLAGS = ();
                GCC_PRECOMPILE_PREFIX_HEADER = YES;
                GCC_PREFIX_HEADER = pch.h;
                STRIP_STYLE = all;
                CONFIGURATION_BUILD_DIR = "$(PROJECT_DIR)/../../../../../../Bin/osx";
                CONFIGURATION_TEMP_DIR = "$(PROJECT_DIR)/build/$(CONFIGURATION)";
                USE_HEADERMAP = NO;
            };
            name = Profile;
        };
        4B5F67BC672C4BF3B44F56F4 = {
            isa = XCBuildConfiguration;
            buildSettings = {
                PRODUCT_BUNDLE_IDENTIFIER = "Noesis.${PRODUCT_NAME:rfc1034identifier}";
                PRODUCT_NAME = "$(TARGET_NAME)";
                CURRENT_PROJECT_VERSION = 2.1.0;
                DYLIB_COMPATIBILITY_VERSION = "$(CURRENT_PROJECT_VERSION)";
                DYLIB_CURRENT_VERSION = "$(CURRENT_PROJECT_VERSION)";
                GCC_INPUT_FILETYPE = "sourcecode.cpp.objcpp";
                INFOPLIST_FILE = "$(PROJECT_DIR)/../../Resources/macOS/info.plist";
                LD_RUNPATH_SEARCH_PATHS = "@executable_path/../../../";
            };
            name = Profile;
        };
        D3E4DAD6A44D4B448B662ED8 = {
            isa = XCBuildConfiguration;
            baseConfigurationReference = 36CB84DBCD0046329F94541A;
            buildSettings = {
                SDKROOT = macosx;
                ARCHS = "$(ARCHS_STANDARD_32_64_BIT)";
                HEADER_SEARCH_PATHS = (../../../../Core/NSTL/Include,../../../../App/ApplicationLauncher/Include,../../../../../../3rdParty/EASTL/local/include,../../../../Drawing/Types/Include,../../../../Math/Utils/Include,../../../../App/Display/Include,../../../../App/Launcher/Include,../../../../Core/Nullable/Include,../../../../App/DisplayLauncher/Include,../../../../../../Include,../../../../Math/VectorMath/Include,../../../../Gui/Providers/Include,../../../../Gui/Core/Include,../../../../Core/Kernel/Include,../../../../Gui/CachedFontProvider/Include,../../../../Samples/CustomControl/Include,../../../../Gui/DependencySystem/Include);
                GCC_PREPROCESSOR_DEFINITIONS = ("NS_BUILD","NS_CONFIG=Debug","NS_VERSION=2.1.0f1","NS_APP_FRAMEWORK","NS_DEBUG_CFG","NS_ASSERTS_ENABLED=1","NS_INSTRUMENTED_ENABLED=1","NS_MINIMUM_LOG_LEVEL=1","$(inherited)");
                LIBRARY_SEARCH_PATHS = ();
                OTHER_LDFLAGS = ();
                GCC_PRECOMPILE_PREFIX_HEADER = YES;
                GCC_PREFIX_HEADER = pch.h;
                STRIP_STYLE = all;
                CONFIGURATION_BUILD_DIR = "$(PROJECT_DIR)/../../../../../../Bin/osx";
                CONFIGURATION_TEMP_DIR = "$(PROJECT_DIR)/build/$(CONFIGURATION)";
                USE_HEADERMAP = NO;
            };
            name = Debug;
        };
        679491FA62A84F9CA0C332C3 = {
            isa = XCBuildConfiguration;
            buildSettings = {
                PRODUCT_BUNDLE_IDENTIFIER = "Noesis.${PRODUCT_NAME:rfc1034identifier}";
                PRODUCT_NAME = "$(TARGET_NAME)";
                CURRENT_PROJECT_VERSION = 2.1.0;
                DYLIB_COMPATIBILITY_VERSION = "$(CURRENT_PROJECT_VERSION)";
                DYLIB_CURRENT_VERSION = "$(CURRENT_PROJECT_VERSION)";
                GCC_INPUT_FILETYPE = "sourcecode.cpp.objcpp";
                INFOPLIST_FILE = "$(PROJECT_DIR)/../../Resources/macOS/info.plist";
                LD_RUNPATH_SEARCH_PATHS = "@executable_path/../../../";
            };
            name = Debug;
        };
/* End XCBuildConfiguration section */

/* Begin XCConfigurationList section */
        3CDCC2E71A0C43FE8CBFF069 = {
            isa = XCConfigurationList;
            buildConfigurations = (228260BC777E4A159E416449,48ECC083A85944758B8303C5,D3E4DAD6A44D4B448B662ED8);
            defaultConfigurationIsVisible = 0;
            defaultConfigurationName = Release;
        };

        DBD6EF4EB0344B5297072569 = {
            isa = XCConfigurationList;
            buildConfigurations = (5D4C6A359C3940AD8D075FC8,4B5F67BC672C4BF3B44F56F4,679491FA62A84F9CA0C332C3);
            defaultConfigurationIsVisible = 0;
            defaultConfigurationName = Release;
        };
/* End XCConfigurationList section */
    };
    rootObject = 4C5BFC7F7ACA4708BBD4E72E;
}
